// !$*UTF8*$!
{
	archiveVersion = 1;
	classes = {
	};
	objectVersion = 46;
	objects = {

/* Begin PBXBuildFile section */
		13153F6C1978C376000042DD /* AGMedallionView.m in Sources */ = {isa = PBXBuildFile; fileRef = 13153F6B1978C376000042DD /* AGMedallionView.m */; };
		13153F711978C540000042DD /* Avatar.png in Resources */ = {isa = PBXBuildFile; fileRef = 13153F701978C540000042DD /* Avatar.png */; };
		132AC48E1978CD80003107DF /* MessagesDetailViewController.m in Sources */ = {isa = PBXBuildFile; fileRef = 132AC48D1978CD80003107DF /* MessagesDetailViewController.m */; };
		132AC4931978EB8C003107DF /* UIImage+ImageEffects.m in Sources */ = {isa = PBXBuildFile; fileRef = 132AC4901978EB8C003107DF /* UIImage+ImageEffects.m */; };
		132AC4941978EB8C003107DF /* MEExpandableHeaderView.m in Sources */ = {isa = PBXBuildFile; fileRef = 132AC4921978EB8C003107DF /* MEExpandableHeaderView.m */; };
		132AC49B1978EFE4003107DF /* ProfileViewController.m in Sources */ = {isa = PBXBuildFile; fileRef = 132AC49A1978EFE4003107DF /* ProfileViewController.m */; };
		132AC4A01978F932003107DF /* OneTableViewCell.xib in Resources */ = {isa = PBXBuildFile; fileRef = 132AC49F1978F932003107DF /* OneTableViewCell.xib */; };
		132AC4A31978F973003107DF /* OneTableViewCell.m in Sources */ = {isa = PBXBuildFile; fileRef = 132AC4A21978F973003107DF /* OneTableViewCell.m */; };
		136393EE1978898700302FB9 /* OneTabBarItem.m in Sources */ = {isa = PBXBuildFile; fileRef = 136393ED1978898700302FB9 /* OneTabBarItem.m */; };
		136393F119788F8F00302FB9 /* OneTabBarController.m in Sources */ = {isa = PBXBuildFile; fileRef = 136393F019788F8F00302FB9 /* OneTabBarController.m */; };
		136393F5197894DF00302FB9 /* Timeline@2x.png in Resources */ = {isa = PBXBuildFile; fileRef = 136393F4197894DF00302FB9 /* Timeline@2x.png */; };
		136393F7197897B700302FB9 /* Timeline.png in Resources */ = {isa = PBXBuildFile; fileRef = 136393F6197897B700302FB9 /* Timeline.png */; };
		136393FA1978A24000302FB9 /* ActivityViewController.m in Sources */ = {isa = PBXBuildFile; fileRef = 136393F91978A24000302FB9 /* ActivityViewController.m */; };
		136393FD1978A25200302FB9 /* MessagesViewController.m in Sources */ = {isa = PBXBuildFile; fileRef = 136393FC1978A25200302FB9 /* MessagesViewController.m */; };
		136394031978A26F00302FB9 /* SearchViewController.m in Sources */ = {isa = PBXBuildFile; fileRef = 136394021978A26F00302FB9 /* SearchViewController.m */; };
		136394071978A5D300302FB9 /* Activity@2x.png in Resources */ = {isa = PBXBuildFile; fileRef = 136394061978A5D300302FB9 /* Activity@2x.png */; };
		136394091978A65100302FB9 /* Activity.png in Resources */ = {isa = PBXBuildFile; fileRef = 136394081978A65100302FB9 /* Activity.png */; };
		1363940C1978A6DE00302FB9 /* Messages.png in Resources */ = {isa = PBXBuildFile; fileRef = 1363940A1978A6DE00302FB9 /* Messages.png */; };
		1363940D1978A6DE00302FB9 /* Messages@2x.png in Resources */ = {isa = PBXBuildFile; fileRef = 1363940B1978A6DE00302FB9 /* Messages@2x.png */; };
		136394101978A73D00302FB9 /* Profile.png in Resources */ = {isa = PBXBuildFile; fileRef = 1363940E1978A73D00302FB9 /* Profile.png */; };
		136394111978A73D00302FB9 /* Profile@2x.png in Resources */ = {isa = PBXBuildFile; fileRef = 1363940F1978A73D00302FB9 /* Profile@2x.png */; };
		1363941D1978A95800302FB9 /* Search.png in Resources */ = {isa = PBXBuildFile; fileRef = 1363941B1978A95800302FB9 /* Search.png */; };
		1363941E1978A95800302FB9 /* Search@2x.png in Resources */ = {isa = PBXBuildFile; fileRef = 1363941C1978A95800302FB9 /* Search@2x.png */; };
		139C86AE197A628300751A12 /* OneTitleLabel.m in Sources */ = {isa = PBXBuildFile; fileRef = 139C86AD197A628300751A12 /* OneTitleLabel.m */; };
		139C86CF197A660F00751A12 /* NSString+Calculation.m in Sources */ = {isa = PBXBuildFile; fileRef = 139C86B3197A660F00751A12 /* NSString+Calculation.m */; };
		139C86D0197A660F00751A12 /* attachment.png in Resources */ = {isa = PBXBuildFile; fileRef = 139C86B5197A660F00751A12 /* attachment.png */; };
		139C86D1197A660F00751A12 /* attachment@2x.png in Resources */ = {isa = PBXBuildFile; fileRef = 139C86B6197A660F00751A12 /* attachment@2x.png */; };
		139C86D2197A660F00751A12 /* bubble.png in Resources */ = {isa = PBXBuildFile; fileRef = 139C86B7197A660F00751A12 /* bubble.png */; };
		139C86D3197A660F00751A12 /* bubble@2x.png in Resources */ = {isa = PBXBuildFile; fileRef = 139C86B8197A660F00751A12 /* bubble@2x.png */; };
		139C86D4197A660F00751A12 /* bubbleReceive.png in Resources */ = {isa = PBXBuildFile; fileRef = 139C86B9197A660F00751A12 /* bubbleReceive.png */; };
		139C86D5197A660F00751A12 /* bubbleReceive@2x.png in Resources */ = {isa = PBXBuildFile; fileRef = 139C86BA197A660F00751A12 /* bubbleReceive@2x.png */; };
		139C86D6197A660F00751A12 /* inputTextBG.png in Resources */ = {isa = PBXBuildFile; fileRef = 139C86BB197A660F00751A12 /* inputTextBG.png */; };
		139C86D7197A660F00751A12 /* inputTextBG@2x.png in Resources */ = {isa = PBXBuildFile; fileRef = 139C86BC197A660F00751A12 /* inputTextBG@2x.png */; };
		139C86D8197A660F00751A12 /* play_button.png in Resources */ = {isa = PBXBuildFile; fileRef = 139C86BD197A660F00751A12 /* play_button.png */; };
		139C86D9197A660F00751A12 /* play_button@2x.png in Resources */ = {isa = PBXBuildFile; fileRef = 139C86BE197A660F00751A12 /* play_button@2x.png */; };
		139C86DA197A660F00751A12 /* SOImageBrowserView.m in Sources */ = {isa = PBXBuildFile; fileRef = 139C86C0197A660F00751A12 /* SOImageBrowserView.m */; };
		139C86DB197A660F00751A12 /* SOMessageCell.m in Sources */ = {isa = PBXBuildFile; fileRef = 139C86C3197A660F00751A12 /* SOMessageCell.m */; };
		139C86DC197A660F00751A12 /* SOMessageInputView.m in Sources */ = {isa = PBXBuildFile; fileRef = 139C86C5197A660F00751A12 /* SOMessageInputView.m */; };
		139C86DD197A660F00751A12 /* SOMessagingViewController.m in Sources */ = {isa = PBXBuildFile; fileRef = 139C86CA197A660F00751A12 /* SOMessagingViewController.m */; };
		139C86DE197A660F00751A12 /* SOPlaceholderedTextView.m in Sources */ = {isa = PBXBuildFile; fileRef = 139C86CC197A660F00751A12 /* SOPlaceholderedTextView.m */; };
		139C86DF197A660F00751A12 /* UINavigationController+Rotation.m in Sources */ = {isa = PBXBuildFile; fileRef = 139C86CE197A660F00751A12 /* UINavigationController+Rotation.m */; };
		139C86E4197A662900751A12 /* ContentManager.m in Sources */ = {isa = PBXBuildFile; fileRef = 139C86E1197A662900751A12 /* ContentManager.m */; };
		139C86E5197A662900751A12 /* Message.m in Sources */ = {isa = PBXBuildFile; fileRef = 139C86E3197A662900751A12 /* Message.m */; };
		139C86E7197A684300751A12 /* Conversation.plist in Resources */ = {isa = PBXBuildFile; fileRef = 139C86E6197A684300751A12 /* Conversation.plist */; };
		139C86E9197A697400751A12 /* arturdev.jpg in Resources */ = {isa = PBXBuildFile; fileRef = 139C86E8197A697400751A12 /* arturdev.jpg */; };
		139C86EF197B10D900751A12 /* ALScrollViewPaging.m in Sources */ = {isa = PBXBuildFile; fileRef = 139C86EE197B10D900751A12 /* ALScrollViewPaging.m */; };
		139C86F3197B25F400751A12 /* CAGradientLayer+OneGradientLayer.m in Sources */ = {isa = PBXBuildFile; fileRef = 139C86F2197B25F400751A12 /* CAGradientLayer+OneGradientLayer.m */; };
		139C86F6197B38B700751A12 /* DZNSegmentedControl.m in Sources */ = {isa = PBXBuildFile; fileRef = 139C86F5197B38B700751A12 /* DZNSegmentedControl.m */; };
		139C86F9197B436F00751A12 /* UIScrollView+APParallaxHeader.m in Sources */ = {isa = PBXBuildFile; fileRef = 139C86F8197B436F00751A12 /* UIScrollView+APParallaxHeader.m */; };
		13CD7B671977DD5200C3F7CC /* Foundation.framework in Frameworks */ = {isa = PBXBuildFile; fileRef = 13CD7B661977DD5200C3F7CC /* Foundation.framework */; };
		13CD7B691977DD5200C3F7CC /* CoreGraphics.framework in Frameworks */ = {isa = PBXBuildFile; fileRef = 13CD7B681977DD5200C3F7CC /* CoreGraphics.framework */; };
		13CD7B6B1977DD5200C3F7CC /* UIKit.framework in Frameworks */ = {isa = PBXBuildFile; fileRef = 13CD7B6A1977DD5200C3F7CC /* UIKit.framework */; };
		13CD7B711977DD5200C3F7CC /* InfoPlist.strings in Resources */ = {isa = PBXBuildFile; fileRef = 13CD7B6F1977DD5200C3F7CC /* InfoPlist.strings */; };
		13CD7B731977DD5300C3F7CC /* main.m in Sources */ = {isa = PBXBuildFile; fileRef = 13CD7B721977DD5300C3F7CC /* main.m */; };
		13CD7B771977DD5300C3F7CC /* AppDelegate.m in Sources */ = {isa = PBXBuildFile; fileRef = 13CD7B761977DD5300C3F7CC /* AppDelegate.m */; };
		13CD7B7A1977DD5300C3F7CC /* Main.storyboard in Resources */ = {isa = PBXBuildFile; fileRef = 13CD7B781977DD5300C3F7CC /* Main.storyboard */; };
		13CD7B7F1977DD5300C3F7CC /* Images.xcassets in Resources */ = {isa = PBXBuildFile; fileRef = 13CD7B7E1977DD5300C3F7CC /* Images.xcassets */; };
		13CD7B871977DD5300C3F7CC /* Foundation.framework in Frameworks */ = {isa = PBXBuildFile; fileRef = 13CD7B661977DD5200C3F7CC /* Foundation.framework */; };
		13CD7B881977DD5300C3F7CC /* UIKit.framework in Frameworks */ = {isa = PBXBuildFile; fileRef = 13CD7B6A1977DD5200C3F7CC /* UIKit.framework */; };
		13CD7B901977DD5300C3F7CC /* InfoPlist.strings in Resources */ = {isa = PBXBuildFile; fileRef = 13CD7B8E1977DD5300C3F7CC /* InfoPlist.strings */; };
		13CD7B921977DD5300C3F7CC /* OneTests.m in Sources */ = {isa = PBXBuildFile; fileRef = 13CD7B911977DD5300C3F7CC /* OneTests.m */; };
		13CD7B9D1977DD6600C3F7CC /* TimelineViewController.m in Sources */ = {isa = PBXBuildFile; fileRef = 13CD7B9C1977DD6600C3F7CC /* TimelineViewController.m */; };
		13CD7BA61977DD7600C3F7CC /* OnePagingNavBar.m in Sources */ = {isa = PBXBuildFile; fileRef = 13CD7B9F1977DD7600C3F7CC /* OnePagingNavBar.m */; };
		13CD7BA71977DD7600C3F7CC /* OneSocialPagingViewer.m in Sources */ = {isa = PBXBuildFile; fileRef = 13CD7BA11977DD7600C3F7CC /* OneSocialPagingViewer.m */; };
		13CD7BA81977DD7600C3F7CC /* OneFoundationCommon.m in Sources */ = {isa = PBXBuildFile; fileRef = 13CD7BA31977DD7600C3F7CC /* OneFoundationCommon.m */; };
		13CD7BA91977DD7600C3F7CC /* OneBaseTableViewController.m in Sources */ = {isa = PBXBuildFile; fileRef = 13CD7BA51977DD7600C3F7CC /* OneBaseTableViewController.m */; };
		13CD7BB01978263C00C3F7CC /* DDPageControl.m in Sources */ = {isa = PBXBuildFile; fileRef = 13CD7BAF1978263C00C3F7CC /* DDPageControl.m */; };
		13CD7BB519782C7900C3F7CC /* UIColor+OneColor.m in Sources */ = {isa = PBXBuildFile; fileRef = 13CD7BB419782C7900C3F7CC /* UIColor+OneColor.m */; };
		22A8B8C519871CF10070CD04 /* SignUpViewController.m in Sources */ = {isa = PBXBuildFile; fileRef = 22A8B8C419871CF10070CD04 /* SignUpViewController.m */; };
		22D119DE1986FA7100FBB66D /* Podfile in Resources */ = {isa = PBXBuildFile; fileRef = 22D119DD1986FA7100FBB66D /* Podfile */; };
		5062E0341984D68E006848D6 /* PFXScrollView.m in Sources */ = {isa = PBXBuildFile; fileRef = 5062E0331984D68E006848D6 /* PFXScrollView.m */; };
		5062E0371984D9CE006848D6 /* PFXSocialButton.m in Sources */ = {isa = PBXBuildFile; fileRef = 5062E0361984D9CE006848D6 /* PFXSocialButton.m */; };
		5062E03A1984DE21006848D6 /* PFXHomeViewController.m in Sources */ = {isa = PBXBuildFile; fileRef = 5062E0391984DE21006848D6 /* PFXHomeViewController.m */; };
		50D522EF19848C72005224B5 /* PFXBaseIntroViewController.m in Sources */ = {isa = PBXBuildFile; fileRef = 50D522EE19848C72005224B5 /* PFXBaseIntroViewController.m */; };
		50EA61CE1984C39300509317 /* Pop 1.mp3 in Resources */ = {isa = PBXBuildFile; fileRef = 50EA61CD1984C39300509317 /* Pop 1.mp3 */; };
		50EA61D01984C9A900509317 /* AudioToolbox.framework in Frameworks */ = {isa = PBXBuildFile; fileRef = 50EA61CF1984C9A900509317 /* AudioToolbox.framework */; };
		50EA61D21984CAC200509317 /* whoosh04.wav in Resources */ = {isa = PBXBuildFile; fileRef = 50EA61D11984CAC200509317 /* whoosh04.wav */; };
		50EA61D41984CC5B00509317 /* success.mp3 in Resources */ = {isa = PBXBuildFile; fileRef = 50EA61D31984CC5B00509317 /* success.mp3 */; };
		7ACF87B63D814743B364E241 /* libPods.a in Frameworks */ = {isa = PBXBuildFile; fileRef = F760A57B0BE84F1DAB6F119F /* libPods.a */; };
		84F2500C198370BC00013F47 /* LoginViewController.m in Sources */ = {isa = PBXBuildFile; fileRef = 84F2500B198370BC00013F47 /* LoginViewController.m */; };
		84F2501B19837A5400013F47 /* IntroPageViewController.m in Sources */ = {isa = PBXBuildFile; fileRef = 84F2501A19837A5400013F47 /* IntroPageViewController.m */; };
		C32D43CC1983B26F00F3E5CD /* line.png in Resources */ = {isa = PBXBuildFile; fileRef = C32D43CB1983B26F00F3E5CD /* line.png */; };
		C32D43CF1983B2C700F3E5CD /* image.png in Resources */ = {isa = PBXBuildFile; fileRef = C32D43CE1983B2C700F3E5CD /* image.png */; };
		C32D43D31983B57E00F3E5CD /* Done.png in Resources */ = {isa = PBXBuildFile; fileRef = C32D43D21983B57E00F3E5CD /* Done.png */; };
		C32D43D91983B6C500F3E5CD /* image2.png in Resources */ = {isa = PBXBuildFile; fileRef = C32D43D81983B6C500F3E5CD /* image2.png */; };
		C32D43DB1983B7BA00F3E5CD /* image3.png in Resources */ = {isa = PBXBuildFile; fileRef = C32D43DA1983B7BA00F3E5CD /* image3.png */; };
		C32D43DF1983BD5200F3E5CD /* White.png in Resources */ = {isa = PBXBuildFile; fileRef = C32D43DE1983BD5200F3E5CD /* White.png */; };
		C32D43EF1983C13800F3E5CD /* Grey.png in Resources */ = {isa = PBXBuildFile; fileRef = C32D43EE1983C13800F3E5CD /* Grey.png */; };
		C32D43F11983C1BB00F3E5CD /* Dark Grey.png in Resources */ = {isa = PBXBuildFile; fileRef = C32D43F01983C1BB00F3E5CD /* Dark Grey.png */; };
		C32D43F31983C3F600F3E5CD /* image4.png in Resources */ = {isa = PBXBuildFile; fileRef = C32D43F21983C3F600F3E5CD /* image4.png */; };
		C32D43F81983C73600F3E5CD /* PhonePlaceholder.png in Resources */ = {isa = PBXBuildFile; fileRef = C32D43F71983C73600F3E5CD /* PhonePlaceholder.png */; };
		C32D43FF1983D10500F3E5CD /* Facebook.png in Resources */ = {isa = PBXBuildFile; fileRef = C32D43FA1983D10500F3E5CD /* Facebook.png */; };
		C32D44001983D10500F3E5CD /* FacebookLinked.png in Resources */ = {isa = PBXBuildFile; fileRef = C32D43FB1983D10500F3E5CD /* FacebookLinked.png */; };
		C32D44011983D10500F3E5CD /* Instagram.png in Resources */ = {isa = PBXBuildFile; fileRef = C32D43FC1983D10500F3E5CD /* Instagram.png */; };
		C32D44021983D10500F3E5CD /* InstagramLinked.png in Resources */ = {isa = PBXBuildFile; fileRef = C32D43FD1983D10500F3E5CD /* InstagramLinked.png */; };
		C32D44031983D10500F3E5CD /* TwitterLinked.png in Resources */ = {isa = PBXBuildFile; fileRef = C32D43FE1983D10500F3E5CD /* TwitterLinked.png */; };
		C3F465EF198358EB003DB1FA /* Background.png in Resources */ = {isa = PBXBuildFile; fileRef = C3F465EE198358EB003DB1FA /* Background.png */; };
		C3F465F2198358F2003DB1FA /* Back.png in Resources */ = {isa = PBXBuildFile; fileRef = C3F465F0198358F2003DB1FA /* Back.png */; };
		C3F465F3198358F2003DB1FA /* Login.png in Resources */ = {isa = PBXBuildFile; fileRef = C3F465F1198358F2003DB1FA /* Login.png */; };
		D01FC946198BA686002A9F9D /* linkingAccountsViewController.m in Sources */ = {isa = PBXBuildFile; fileRef = D01FC945198BA686002A9F9D /* linkingAccountsViewController.m */; };
		D07F0FAE1984F19B00262167 /* StoreKit.framework in Frameworks */ = {isa = PBXBuildFile; fileRef = D07F0FAD1984F19B00262167 /* StoreKit.framework */; };
		D07F0FBB1984F20F00262167 /* Accounts.framework in Frameworks */ = {isa = PBXBuildFile; fileRef = D07F0FB01984F20F00262167 /* Accounts.framework */; };
		D07F0FBC1984F20F00262167 /* AdSupport.framework in Frameworks */ = {isa = PBXBuildFile; fileRef = D07F0FB11984F20F00262167 /* AdSupport.framework */; };
		D07F0FBD1984F20F00262167 /* CFNetwork.framework in Frameworks */ = {isa = PBXBuildFile; fileRef = D07F0FB21984F20F00262167 /* CFNetwork.framework */; };
		D07F0FBE1984F20F00262167 /* libsqlite3.dylib in Frameworks */ = {isa = PBXBuildFile; fileRef = D07F0FB31984F20F00262167 /* libsqlite3.dylib */; };
		D07F0FBF1984F20F00262167 /* libz.1.1.3.dylib in Frameworks */ = {isa = PBXBuildFile; fileRef = D07F0FB41984F20F00262167 /* libz.1.1.3.dylib */; };
		D07F0FC01984F20F00262167 /* libz.dylib in Frameworks */ = {isa = PBXBuildFile; fileRef = D07F0FB51984F20F00262167 /* libz.dylib */; };
		D07F0FC11984F20F00262167 /* MobileCoreServices.framework in Frameworks */ = {isa = PBXBuildFile; fileRef = D07F0FB61984F20F00262167 /* MobileCoreServices.framework */; };
		D07F0FC21984F20F00262167 /* QuartzCore.framework in Frameworks */ = {isa = PBXBuildFile; fileRef = D07F0FB71984F20F00262167 /* QuartzCore.framework */; };
		D07F0FC31984F20F00262167 /* Security.framework in Frameworks */ = {isa = PBXBuildFile; fileRef = D07F0FB81984F20F00262167 /* Security.framework */; };
		D07F0FC41984F20F00262167 /* Social.framework in Frameworks */ = {isa = PBXBuildFile; fileRef = D07F0FB91984F20F00262167 /* Social.framework */; };
		D07F0FC51984F20F00262167 /* SystemConfiguration.framework in Frameworks */ = {isa = PBXBuildFile; fileRef = D07F0FBA1984F20F00262167 /* SystemConfiguration.framework */; };
		D07F0FC71984F38600262167 /* FacebookSDK.framework in Frameworks */ = {isa = PBXBuildFile; fileRef = D07F0FC61984F38600262167 /* FacebookSDK.framework */; };
		D07F0FC91984F39800262167 /* Parse.framework in Frameworks */ = {isa = PBXBuildFile; fileRef = D07F0FC81984F39800262167 /* Parse.framework */; };
		D0E00E26198DE65F004BA222 /* BaseViewController.m in Sources */ = {isa = PBXBuildFile; fileRef = D0E00E25198DE65F004BA222 /* BaseViewController.m */; };
/* End PBXBuildFile section */

/* Begin PBXContainerItemProxy section */
		13CD7B891977DD5300C3F7CC /* PBXContainerItemProxy */ = {
			isa = PBXContainerItemProxy;
			containerPortal = 13CD7B5B1977DD5200C3F7CC /* Project object */;
			proxyType = 1;
			remoteGlobalIDString = 13CD7B621977DD5200C3F7CC;
			remoteInfo = One;
		};
/* End PBXContainerItemProxy section */

/* Begin PBXFileReference section */
		13153F6A1978C376000042DD /* AGMedallionView.h */ = {isa = PBXFileReference; fileEncoding = 4; lastKnownFileType = sourcecode.c.h; path = AGMedallionView.h; sourceTree = "<group>"; };
		13153F6B1978C376000042DD /* AGMedallionView.m */ = {isa = PBXFileReference; fileEncoding = 4; lastKnownFileType = sourcecode.c.objc; path = AGMedallionView.m; sourceTree = "<group>"; };
		13153F701978C540000042DD /* Avatar.png */ = {isa = PBXFileReference; lastKnownFileType = image.png; path = Avatar.png; sourceTree = "<group>"; };
		132AC48C1978CD80003107DF /* MessagesDetailViewController.h */ = {isa = PBXFileReference; fileEncoding = 4; lastKnownFileType = sourcecode.c.h; path = MessagesDetailViewController.h; sourceTree = "<group>"; };
		132AC48D1978CD80003107DF /* MessagesDetailViewController.m */ = {isa = PBXFileReference; fileEncoding = 4; lastKnownFileType = sourcecode.c.objc; path = MessagesDetailViewController.m; sourceTree = "<group>"; };
		132AC48F1978EB8C003107DF /* UIImage+ImageEffects.h */ = {isa = PBXFileReference; fileEncoding = 4; lastKnownFileType = sourcecode.c.h; path = "UIImage+ImageEffects.h"; sourceTree = "<group>"; };
		132AC4901978EB8C003107DF /* UIImage+ImageEffects.m */ = {isa = PBXFileReference; fileEncoding = 4; lastKnownFileType = sourcecode.c.objc; path = "UIImage+ImageEffects.m"; sourceTree = "<group>"; };
		132AC4911978EB8C003107DF /* MEExpandableHeaderView.h */ = {isa = PBXFileReference; fileEncoding = 4; lastKnownFileType = sourcecode.c.h; path = MEExpandableHeaderView.h; sourceTree = "<group>"; };
		132AC4921978EB8C003107DF /* MEExpandableHeaderView.m */ = {isa = PBXFileReference; fileEncoding = 4; lastKnownFileType = sourcecode.c.objc; path = MEExpandableHeaderView.m; sourceTree = "<group>"; };
		132AC4991978EFE4003107DF /* ProfileViewController.h */ = {isa = PBXFileReference; fileEncoding = 4; lastKnownFileType = sourcecode.c.h; path = ProfileViewController.h; sourceTree = "<group>"; };
		132AC49A1978EFE4003107DF /* ProfileViewController.m */ = {isa = PBXFileReference; fileEncoding = 4; lastKnownFileType = sourcecode.c.objc; path = ProfileViewController.m; sourceTree = "<group>"; };
		132AC49F1978F932003107DF /* OneTableViewCell.xib */ = {isa = PBXFileReference; fileEncoding = 4; lastKnownFileType = file.xib; path = OneTableViewCell.xib; sourceTree = "<group>"; };
		132AC4A11978F973003107DF /* OneTableViewCell.h */ = {isa = PBXFileReference; fileEncoding = 4; lastKnownFileType = sourcecode.c.h; path = OneTableViewCell.h; sourceTree = "<group>"; };
		132AC4A21978F973003107DF /* OneTableViewCell.m */ = {isa = PBXFileReference; fileEncoding = 4; lastKnownFileType = sourcecode.c.objc; path = OneTableViewCell.m; sourceTree = "<group>"; };
		136393EC1978898700302FB9 /* OneTabBarItem.h */ = {isa = PBXFileReference; fileEncoding = 4; lastKnownFileType = sourcecode.c.h; path = OneTabBarItem.h; sourceTree = "<group>"; };
		136393ED1978898700302FB9 /* OneTabBarItem.m */ = {isa = PBXFileReference; fileEncoding = 4; lastKnownFileType = sourcecode.c.objc; path = OneTabBarItem.m; sourceTree = "<group>"; };
		136393EF19788F8F00302FB9 /* OneTabBarController.h */ = {isa = PBXFileReference; fileEncoding = 4; lastKnownFileType = sourcecode.c.h; path = OneTabBarController.h; sourceTree = "<group>"; };
		136393F019788F8F00302FB9 /* OneTabBarController.m */ = {isa = PBXFileReference; fileEncoding = 4; lastKnownFileType = sourcecode.c.objc; path = OneTabBarController.m; sourceTree = "<group>"; };
		136393F4197894DF00302FB9 /* Timeline@2x.png */ = {isa = PBXFileReference; lastKnownFileType = image.png; path = "Timeline@2x.png"; sourceTree = "<group>"; };
		136393F6197897B700302FB9 /* Timeline.png */ = {isa = PBXFileReference; lastKnownFileType = image.png; path = Timeline.png; sourceTree = "<group>"; };
		136393F81978A24000302FB9 /* ActivityViewController.h */ = {isa = PBXFileReference; fileEncoding = 4; lastKnownFileType = sourcecode.c.h; path = ActivityViewController.h; sourceTree = "<group>"; };
		136393F91978A24000302FB9 /* ActivityViewController.m */ = {isa = PBXFileReference; fileEncoding = 4; lastKnownFileType = sourcecode.c.objc; path = ActivityViewController.m; sourceTree = "<group>"; };
		136393FB1978A25200302FB9 /* MessagesViewController.h */ = {isa = PBXFileReference; fileEncoding = 4; lastKnownFileType = sourcecode.c.h; path = MessagesViewController.h; sourceTree = "<group>"; };
		136393FC1978A25200302FB9 /* MessagesViewController.m */ = {isa = PBXFileReference; fileEncoding = 4; lastKnownFileType = sourcecode.c.objc; path = MessagesViewController.m; sourceTree = "<group>"; };
		136394011978A26F00302FB9 /* SearchViewController.h */ = {isa = PBXFileReference; fileEncoding = 4; lastKnownFileType = sourcecode.c.h; path = SearchViewController.h; sourceTree = "<group>"; };
		136394021978A26F00302FB9 /* SearchViewController.m */ = {isa = PBXFileReference; fileEncoding = 4; lastKnownFileType = sourcecode.c.objc; path = SearchViewController.m; sourceTree = "<group>"; };
		136394061978A5D300302FB9 /* Activity@2x.png */ = {isa = PBXFileReference; lastKnownFileType = image.png; path = "Activity@2x.png"; sourceTree = "<group>"; };
		136394081978A65100302FB9 /* Activity.png */ = {isa = PBXFileReference; lastKnownFileType = image.png; path = Activity.png; sourceTree = "<group>"; };
		1363940A1978A6DE00302FB9 /* Messages.png */ = {isa = PBXFileReference; lastKnownFileType = image.png; path = Messages.png; sourceTree = "<group>"; };
		1363940B1978A6DE00302FB9 /* Messages@2x.png */ = {isa = PBXFileReference; lastKnownFileType = image.png; path = "Messages@2x.png"; sourceTree = "<group>"; };
		1363940E1978A73D00302FB9 /* Profile.png */ = {isa = PBXFileReference; lastKnownFileType = image.png; path = Profile.png; sourceTree = "<group>"; };
		1363940F1978A73D00302FB9 /* Profile@2x.png */ = {isa = PBXFileReference; lastKnownFileType = image.png; path = "Profile@2x.png"; sourceTree = "<group>"; };
		1363941B1978A95800302FB9 /* Search.png */ = {isa = PBXFileReference; lastKnownFileType = image.png; path = Search.png; sourceTree = "<group>"; };
		1363941C1978A95800302FB9 /* Search@2x.png */ = {isa = PBXFileReference; lastKnownFileType = image.png; path = "Search@2x.png"; sourceTree = "<group>"; };
		139C86AC197A628300751A12 /* OneTitleLabel.h */ = {isa = PBXFileReference; fileEncoding = 4; lastKnownFileType = sourcecode.c.h; path = OneTitleLabel.h; sourceTree = "<group>"; };
		139C86AD197A628300751A12 /* OneTitleLabel.m */ = {isa = PBXFileReference; fileEncoding = 4; lastKnownFileType = sourcecode.c.objc; path = OneTitleLabel.m; sourceTree = "<group>"; };
		139C86B2197A660F00751A12 /* NSString+Calculation.h */ = {isa = PBXFileReference; fileEncoding = 4; lastKnownFileType = sourcecode.c.h; path = "NSString+Calculation.h"; sourceTree = "<group>"; };
		139C86B3197A660F00751A12 /* NSString+Calculation.m */ = {isa = PBXFileReference; fileEncoding = 4; lastKnownFileType = sourcecode.c.objc; path = "NSString+Calculation.m"; sourceTree = "<group>"; };
		139C86B5197A660F00751A12 /* attachment.png */ = {isa = PBXFileReference; lastKnownFileType = image.png; path = attachment.png; sourceTree = "<group>"; };
		139C86B6197A660F00751A12 /* attachment@2x.png */ = {isa = PBXFileReference; lastKnownFileType = image.png; path = "attachment@2x.png"; sourceTree = "<group>"; };
		139C86B7197A660F00751A12 /* bubble.png */ = {isa = PBXFileReference; lastKnownFileType = image.png; path = bubble.png; sourceTree = "<group>"; };
		139C86B8197A660F00751A12 /* bubble@2x.png */ = {isa = PBXFileReference; lastKnownFileType = image.png; path = "bubble@2x.png"; sourceTree = "<group>"; };
		139C86B9197A660F00751A12 /* bubbleReceive.png */ = {isa = PBXFileReference; lastKnownFileType = image.png; path = bubbleReceive.png; sourceTree = "<group>"; };
		139C86BA197A660F00751A12 /* bubbleReceive@2x.png */ = {isa = PBXFileReference; lastKnownFileType = image.png; path = "bubbleReceive@2x.png"; sourceTree = "<group>"; };
		139C86BB197A660F00751A12 /* inputTextBG.png */ = {isa = PBXFileReference; lastKnownFileType = image.png; path = inputTextBG.png; sourceTree = "<group>"; };
		139C86BC197A660F00751A12 /* inputTextBG@2x.png */ = {isa = PBXFileReference; lastKnownFileType = image.png; path = "inputTextBG@2x.png"; sourceTree = "<group>"; };
		139C86BD197A660F00751A12 /* play_button.png */ = {isa = PBXFileReference; lastKnownFileType = image.png; path = play_button.png; sourceTree = "<group>"; };
		139C86BE197A660F00751A12 /* play_button@2x.png */ = {isa = PBXFileReference; lastKnownFileType = image.png; path = "play_button@2x.png"; sourceTree = "<group>"; };
		139C86BF197A660F00751A12 /* SOImageBrowserView.h */ = {isa = PBXFileReference; fileEncoding = 4; lastKnownFileType = sourcecode.c.h; path = SOImageBrowserView.h; sourceTree = "<group>"; };
		139C86C0197A660F00751A12 /* SOImageBrowserView.m */ = {isa = PBXFileReference; fileEncoding = 4; lastKnownFileType = sourcecode.c.objc; path = SOImageBrowserView.m; sourceTree = "<group>"; };
		139C86C1197A660F00751A12 /* SOMessage.h */ = {isa = PBXFileReference; fileEncoding = 4; lastKnownFileType = sourcecode.c.h; path = SOMessage.h; sourceTree = "<group>"; };
		139C86C2197A660F00751A12 /* SOMessageCell.h */ = {isa = PBXFileReference; fileEncoding = 4; lastKnownFileType = sourcecode.c.h; path = SOMessageCell.h; sourceTree = "<group>"; };
		139C86C3197A660F00751A12 /* SOMessageCell.m */ = {isa = PBXFileReference; fileEncoding = 4; lastKnownFileType = sourcecode.c.objc; path = SOMessageCell.m; sourceTree = "<group>"; };
		139C86C4197A660F00751A12 /* SOMessageInputView.h */ = {isa = PBXFileReference; fileEncoding = 4; lastKnownFileType = sourcecode.c.h; path = SOMessageInputView.h; sourceTree = "<group>"; };
		139C86C5197A660F00751A12 /* SOMessageInputView.m */ = {isa = PBXFileReference; fileEncoding = 4; lastKnownFileType = sourcecode.c.objc; path = SOMessageInputView.m; sourceTree = "<group>"; };
		139C86C6197A660F00751A12 /* SOMessageType.h */ = {isa = PBXFileReference; fileEncoding = 4; lastKnownFileType = sourcecode.c.h; path = SOMessageType.h; sourceTree = "<group>"; };
		139C86C7197A660F00751A12 /* SOMessagingDataSource.h */ = {isa = PBXFileReference; fileEncoding = 4; lastKnownFileType = sourcecode.c.h; path = SOMessagingDataSource.h; sourceTree = "<group>"; };
		139C86C8197A660F00751A12 /* SOMessagingDelegate.h */ = {isa = PBXFileReference; fileEncoding = 4; lastKnownFileType = sourcecode.c.h; path = SOMessagingDelegate.h; sourceTree = "<group>"; };
		139C86C9197A660F00751A12 /* SOMessagingViewController.h */ = {isa = PBXFileReference; fileEncoding = 4; lastKnownFileType = sourcecode.c.h; path = SOMessagingViewController.h; sourceTree = "<group>"; };
		139C86CA197A660F00751A12 /* SOMessagingViewController.m */ = {isa = PBXFileReference; fileEncoding = 4; lastKnownFileType = sourcecode.c.objc; path = SOMessagingViewController.m; sourceTree = "<group>"; };
		139C86CB197A660F00751A12 /* SOPlaceholderedTextView.h */ = {isa = PBXFileReference; fileEncoding = 4; lastKnownFileType = sourcecode.c.h; path = SOPlaceholderedTextView.h; sourceTree = "<group>"; };
		139C86CC197A660F00751A12 /* SOPlaceholderedTextView.m */ = {isa = PBXFileReference; fileEncoding = 4; lastKnownFileType = sourcecode.c.objc; path = SOPlaceholderedTextView.m; sourceTree = "<group>"; };
		139C86CD197A660F00751A12 /* UINavigationController+Rotation.h */ = {isa = PBXFileReference; fileEncoding = 4; lastKnownFileType = sourcecode.c.h; path = "UINavigationController+Rotation.h"; sourceTree = "<group>"; };
		139C86CE197A660F00751A12 /* UINavigationController+Rotation.m */ = {isa = PBXFileReference; fileEncoding = 4; lastKnownFileType = sourcecode.c.objc; path = "UINavigationController+Rotation.m"; sourceTree = "<group>"; };
		139C86E0197A662900751A12 /* ContentManager.h */ = {isa = PBXFileReference; fileEncoding = 4; lastKnownFileType = sourcecode.c.h; path = ContentManager.h; sourceTree = "<group>"; };
		139C86E1197A662900751A12 /* ContentManager.m */ = {isa = PBXFileReference; fileEncoding = 4; lastKnownFileType = sourcecode.c.objc; path = ContentManager.m; sourceTree = "<group>"; };
		139C86E2197A662900751A12 /* Message.h */ = {isa = PBXFileReference; fileEncoding = 4; lastKnownFileType = sourcecode.c.h; path = Message.h; sourceTree = "<group>"; };
		139C86E3197A662900751A12 /* Message.m */ = {isa = PBXFileReference; fileEncoding = 4; lastKnownFileType = sourcecode.c.objc; path = Message.m; sourceTree = "<group>"; };
		139C86E6197A684300751A12 /* Conversation.plist */ = {isa = PBXFileReference; fileEncoding = 4; lastKnownFileType = text.plist.xml; name = Conversation.plist; path = ../Conversation.plist; sourceTree = "<group>"; };
		139C86E8197A697400751A12 /* arturdev.jpg */ = {isa = PBXFileReference; lastKnownFileType = image.jpeg; path = arturdev.jpg; sourceTree = "<group>"; };
		139C86ED197B10D900751A12 /* ALScrollViewPaging.h */ = {isa = PBXFileReference; fileEncoding = 4; lastKnownFileType = sourcecode.c.h; path = ALScrollViewPaging.h; sourceTree = "<group>"; };
		139C86EE197B10D900751A12 /* ALScrollViewPaging.m */ = {isa = PBXFileReference; fileEncoding = 4; lastKnownFileType = sourcecode.c.objc; path = ALScrollViewPaging.m; sourceTree = "<group>"; };
		139C86F1197B25F400751A12 /* CAGradientLayer+OneGradientLayer.h */ = {isa = PBXFileReference; fileEncoding = 4; lastKnownFileType = sourcecode.c.h; path = "CAGradientLayer+OneGradientLayer.h"; sourceTree = "<group>"; };
		139C86F2197B25F400751A12 /* CAGradientLayer+OneGradientLayer.m */ = {isa = PBXFileReference; fileEncoding = 4; lastKnownFileType = sourcecode.c.objc; path = "CAGradientLayer+OneGradientLayer.m"; sourceTree = "<group>"; };
		139C86F4197B38B700751A12 /* DZNSegmentedControl.h */ = {isa = PBXFileReference; fileEncoding = 4; lastKnownFileType = sourcecode.c.h; path = DZNSegmentedControl.h; sourceTree = "<group>"; };
		139C86F5197B38B700751A12 /* DZNSegmentedControl.m */ = {isa = PBXFileReference; fileEncoding = 4; lastKnownFileType = sourcecode.c.objc; path = DZNSegmentedControl.m; sourceTree = "<group>"; };
		139C86F7197B436E00751A12 /* UIScrollView+APParallaxHeader.h */ = {isa = PBXFileReference; fileEncoding = 4; lastKnownFileType = sourcecode.c.h; path = "UIScrollView+APParallaxHeader.h"; sourceTree = "<group>"; };
		139C86F8197B436F00751A12 /* UIScrollView+APParallaxHeader.m */ = {isa = PBXFileReference; fileEncoding = 4; lastKnownFileType = sourcecode.c.objc; path = "UIScrollView+APParallaxHeader.m"; sourceTree = "<group>"; };
		13CD7B631977DD5200C3F7CC /* One.app */ = {isa = PBXFileReference; explicitFileType = wrapper.application; includeInIndex = 0; path = One.app; sourceTree = BUILT_PRODUCTS_DIR; };
		13CD7B661977DD5200C3F7CC /* Foundation.framework */ = {isa = PBXFileReference; lastKnownFileType = wrapper.framework; name = Foundation.framework; path = System/Library/Frameworks/Foundation.framework; sourceTree = SDKROOT; };
		13CD7B681977DD5200C3F7CC /* CoreGraphics.framework */ = {isa = PBXFileReference; lastKnownFileType = wrapper.framework; name = CoreGraphics.framework; path = System/Library/Frameworks/CoreGraphics.framework; sourceTree = SDKROOT; };
		13CD7B6A1977DD5200C3F7CC /* UIKit.framework */ = {isa = PBXFileReference; lastKnownFileType = wrapper.framework; name = UIKit.framework; path = System/Library/Frameworks/UIKit.framework; sourceTree = SDKROOT; };
		13CD7B6E1977DD5200C3F7CC /* One-Info.plist */ = {isa = PBXFileReference; lastKnownFileType = text.plist.xml; path = "One-Info.plist"; sourceTree = "<group>"; };
		13CD7B701977DD5200C3F7CC /* en */ = {isa = PBXFileReference; lastKnownFileType = text.plist.strings; name = en; path = en.lproj/InfoPlist.strings; sourceTree = "<group>"; };
		13CD7B721977DD5300C3F7CC /* main.m */ = {isa = PBXFileReference; lastKnownFileType = sourcecode.c.objc; path = main.m; sourceTree = "<group>"; };
		13CD7B741977DD5300C3F7CC /* One-Prefix.pch */ = {isa = PBXFileReference; lastKnownFileType = sourcecode.c.h; path = "One-Prefix.pch"; sourceTree = "<group>"; };
		13CD7B751977DD5300C3F7CC /* AppDelegate.h */ = {isa = PBXFileReference; lastKnownFileType = sourcecode.c.h; path = AppDelegate.h; sourceTree = "<group>"; };
		13CD7B761977DD5300C3F7CC /* AppDelegate.m */ = {isa = PBXFileReference; lastKnownFileType = sourcecode.c.objc; path = AppDelegate.m; sourceTree = "<group>"; };
		13CD7B791977DD5300C3F7CC /* Base */ = {isa = PBXFileReference; lastKnownFileType = file.storyboard; name = Base; path = Base.lproj/Main.storyboard; sourceTree = "<group>"; };
		13CD7B7E1977DD5300C3F7CC /* Images.xcassets */ = {isa = PBXFileReference; lastKnownFileType = folder.assetcatalog; path = Images.xcassets; sourceTree = "<group>"; };
		13CD7B841977DD5300C3F7CC /* OneTests.xctest */ = {isa = PBXFileReference; explicitFileType = wrapper.cfbundle; includeInIndex = 0; path = OneTests.xctest; sourceTree = BUILT_PRODUCTS_DIR; };
		13CD7B8D1977DD5300C3F7CC /* OneTests-Info.plist */ = {isa = PBXFileReference; lastKnownFileType = text.plist.xml; path = "OneTests-Info.plist"; sourceTree = "<group>"; };
		13CD7B8F1977DD5300C3F7CC /* en */ = {isa = PBXFileReference; lastKnownFileType = text.plist.strings; name = en; path = en.lproj/InfoPlist.strings; sourceTree = "<group>"; };
		13CD7B911977DD5300C3F7CC /* OneTests.m */ = {isa = PBXFileReference; lastKnownFileType = sourcecode.c.objc; path = OneTests.m; sourceTree = "<group>"; };
		13CD7B9B1977DD6600C3F7CC /* TimelineViewController.h */ = {isa = PBXFileReference; fileEncoding = 4; lastKnownFileType = sourcecode.c.h; path = TimelineViewController.h; sourceTree = "<group>"; };
		13CD7B9C1977DD6600C3F7CC /* TimelineViewController.m */ = {isa = PBXFileReference; fileEncoding = 4; lastKnownFileType = sourcecode.c.objc; path = TimelineViewController.m; sourceTree = "<group>"; };
		13CD7B9E1977DD7600C3F7CC /* OnePagingNavBar.h */ = {isa = PBXFileReference; fileEncoding = 4; lastKnownFileType = sourcecode.c.h; path = OnePagingNavBar.h; sourceTree = "<group>"; };
		13CD7B9F1977DD7600C3F7CC /* OnePagingNavBar.m */ = {isa = PBXFileReference; fileEncoding = 4; lastKnownFileType = sourcecode.c.objc; path = OnePagingNavBar.m; sourceTree = "<group>"; };
		13CD7BA01977DD7600C3F7CC /* OneSocialPagingViewer.h */ = {isa = PBXFileReference; fileEncoding = 4; lastKnownFileType = sourcecode.c.h; path = OneSocialPagingViewer.h; sourceTree = "<group>"; };
		13CD7BA11977DD7600C3F7CC /* OneSocialPagingViewer.m */ = {isa = PBXFileReference; fileEncoding = 4; lastKnownFileType = sourcecode.c.objc; path = OneSocialPagingViewer.m; sourceTree = "<group>"; };
		13CD7BA21977DD7600C3F7CC /* OneFoundationCommon.h */ = {isa = PBXFileReference; fileEncoding = 4; lastKnownFileType = sourcecode.c.h; path = OneFoundationCommon.h; sourceTree = "<group>"; };
		13CD7BA31977DD7600C3F7CC /* OneFoundationCommon.m */ = {isa = PBXFileReference; fileEncoding = 4; lastKnownFileType = sourcecode.c.objc; path = OneFoundationCommon.m; sourceTree = "<group>"; };
		13CD7BA41977DD7600C3F7CC /* OneBaseTableViewController.h */ = {isa = PBXFileReference; fileEncoding = 4; lastKnownFileType = sourcecode.c.h; path = OneBaseTableViewController.h; sourceTree = "<group>"; };
		13CD7BA51977DD7600C3F7CC /* OneBaseTableViewController.m */ = {isa = PBXFileReference; fileEncoding = 4; lastKnownFileType = sourcecode.c.objc; path = OneBaseTableViewController.m; sourceTree = "<group>"; };
		13CD7BAE1978263C00C3F7CC /* DDPageControl.h */ = {isa = PBXFileReference; fileEncoding = 4; lastKnownFileType = sourcecode.c.h; path = DDPageControl.h; sourceTree = "<group>"; };
		13CD7BAF1978263C00C3F7CC /* DDPageControl.m */ = {isa = PBXFileReference; fileEncoding = 4; lastKnownFileType = sourcecode.c.objc; path = DDPageControl.m; sourceTree = "<group>"; };
		13CD7BB319782C7900C3F7CC /* UIColor+OneColor.h */ = {isa = PBXFileReference; fileEncoding = 4; lastKnownFileType = sourcecode.c.h; path = "UIColor+OneColor.h"; sourceTree = "<group>"; };
		13CD7BB419782C7900C3F7CC /* UIColor+OneColor.m */ = {isa = PBXFileReference; fileEncoding = 4; lastKnownFileType = sourcecode.c.objc; path = "UIColor+OneColor.m"; sourceTree = "<group>"; };
		13CD7BB719782C9C00C3F7CC /* UIExtensions.h */ = {isa = PBXFileReference; lastKnownFileType = sourcecode.c.h; path = UIExtensions.h; sourceTree = "<group>"; };
		22A8B8C319871CF10070CD04 /* SignUpViewController.h */ = {isa = PBXFileReference; fileEncoding = 4; lastKnownFileType = sourcecode.c.h; path = SignUpViewController.h; sourceTree = "<group>"; };
		22A8B8C419871CF10070CD04 /* SignUpViewController.m */ = {isa = PBXFileReference; fileEncoding = 4; lastKnownFileType = sourcecode.c.objc; path = SignUpViewController.m; sourceTree = "<group>"; };
		22D119DD1986FA7100FBB66D /* Podfile */ = {isa = PBXFileReference; fileEncoding = 4; lastKnownFileType = text; path = Podfile; sourceTree = SOURCE_ROOT; };
		5062E0321984D68E006848D6 /* PFXScrollView.h */ = {isa = PBXFileReference; fileEncoding = 4; lastKnownFileType = sourcecode.c.h; name = PFXScrollView.h; path = one/PFXScrollView.h; sourceTree = SOURCE_ROOT; };
		5062E0331984D68E006848D6 /* PFXScrollView.m */ = {isa = PBXFileReference; fileEncoding = 4; lastKnownFileType = sourcecode.c.objc; name = PFXScrollView.m; path = one/PFXScrollView.m; sourceTree = SOURCE_ROOT; };
		5062E0351984D9CE006848D6 /* PFXSocialButton.h */ = {isa = PBXFileReference; fileEncoding = 4; lastKnownFileType = sourcecode.c.h; name = PFXSocialButton.h; path = one/PFXSocialButton.h; sourceTree = SOURCE_ROOT; };
		5062E0361984D9CE006848D6 /* PFXSocialButton.m */ = {isa = PBXFileReference; fileEncoding = 4; lastKnownFileType = sourcecode.c.objc; name = PFXSocialButton.m; path = one/PFXSocialButton.m; sourceTree = SOURCE_ROOT; };
		5062E0381984DE21006848D6 /* PFXHomeViewController.h */ = {isa = PBXFileReference; fileEncoding = 4; lastKnownFileType = sourcecode.c.h; name = PFXHomeViewController.h; path = one/PFXHomeViewController.h; sourceTree = SOURCE_ROOT; };
		5062E0391984DE21006848D6 /* PFXHomeViewController.m */ = {isa = PBXFileReference; fileEncoding = 4; lastKnownFileType = sourcecode.c.objc; name = PFXHomeViewController.m; path = one/PFXHomeViewController.m; sourceTree = SOURCE_ROOT; };
		50D522ED19848C72005224B5 /* PFXBaseIntroViewController.h */ = {isa = PBXFileReference; fileEncoding = 4; lastKnownFileType = sourcecode.c.h; name = PFXBaseIntroViewController.h; path = one/PFXBaseIntroViewController.h; sourceTree = SOURCE_ROOT; };
		50D522EE19848C72005224B5 /* PFXBaseIntroViewController.m */ = {isa = PBXFileReference; fileEncoding = 4; lastKnownFileType = sourcecode.c.objc; name = PFXBaseIntroViewController.m; path = one/PFXBaseIntroViewController.m; sourceTree = SOURCE_ROOT; };
		50EA61CD1984C39300509317 /* Pop 1.mp3 */ = {isa = PBXFileReference; lastKnownFileType = audio.mp3; path = "Pop 1.mp3"; sourceTree = "<group>"; };
		50EA61CF1984C9A900509317 /* AudioToolbox.framework */ = {isa = PBXFileReference; lastKnownFileType = wrapper.framework; name = AudioToolbox.framework; path = System/Library/Frameworks/AudioToolbox.framework; sourceTree = SDKROOT; };
		50EA61D11984CAC200509317 /* whoosh04.wav */ = {isa = PBXFileReference; lastKnownFileType = audio.wav; path = whoosh04.wav; sourceTree = "<group>"; };
		50EA61D31984CC5B00509317 /* success.mp3 */ = {isa = PBXFileReference; lastKnownFileType = audio.mp3; path = success.mp3; sourceTree = "<group>"; };
		84F2500A198370BC00013F47 /* LoginViewController.h */ = {isa = PBXFileReference; fileEncoding = 4; lastKnownFileType = sourcecode.c.h; name = LoginViewController.h; path = one/LoginViewController.h; sourceTree = SOURCE_ROOT; };
		84F2500B198370BC00013F47 /* LoginViewController.m */ = {isa = PBXFileReference; fileEncoding = 4; lastKnownFileType = sourcecode.c.objc; name = LoginViewController.m; path = one/LoginViewController.m; sourceTree = SOURCE_ROOT; };
		84F2501919837A5400013F47 /* IntroPageViewController.h */ = {isa = PBXFileReference; fileEncoding = 4; lastKnownFileType = sourcecode.c.h; name = IntroPageViewController.h; path = one/IntroPageViewController.h; sourceTree = SOURCE_ROOT; };
		84F2501A19837A5400013F47 /* IntroPageViewController.m */ = {isa = PBXFileReference; fileEncoding = 4; lastKnownFileType = sourcecode.c.objc; name = IntroPageViewController.m; path = one/IntroPageViewController.m; sourceTree = SOURCE_ROOT; };
		C32D43CB1983B26F00F3E5CD /* line.png */ = {isa = PBXFileReference; lastKnownFileType = image.png; path = line.png; sourceTree = "<group>"; };
		C32D43CE1983B2C700F3E5CD /* image.png */ = {isa = PBXFileReference; lastKnownFileType = image.png; path = image.png; sourceTree = "<group>"; };
		C32D43D21983B57E00F3E5CD /* Done.png */ = {isa = PBXFileReference; lastKnownFileType = image.png; path = Done.png; sourceTree = "<group>"; };
		C32D43D81983B6C500F3E5CD /* image2.png */ = {isa = PBXFileReference; lastKnownFileType = image.png; path = image2.png; sourceTree = "<group>"; };
		C32D43DA1983B7BA00F3E5CD /* image3.png */ = {isa = PBXFileReference; lastKnownFileType = image.png; path = image3.png; sourceTree = "<group>"; };
		C32D43DE1983BD5200F3E5CD /* White.png */ = {isa = PBXFileReference; lastKnownFileType = image.png; path = White.png; sourceTree = "<group>"; };
		C32D43EE1983C13800F3E5CD /* Grey.png */ = {isa = PBXFileReference; lastKnownFileType = image.png; path = Grey.png; sourceTree = "<group>"; };
		C32D43F01983C1BB00F3E5CD /* Dark Grey.png */ = {isa = PBXFileReference; lastKnownFileType = image.png; path = "Dark Grey.png"; sourceTree = "<group>"; };
		C32D43F21983C3F600F3E5CD /* image4.png */ = {isa = PBXFileReference; lastKnownFileType = image.png; path = image4.png; sourceTree = "<group>"; };
		C32D43F71983C73600F3E5CD /* PhonePlaceholder.png */ = {isa = PBXFileReference; lastKnownFileType = image.png; path = PhonePlaceholder.png; sourceTree = "<group>"; };
		C32D43FA1983D10500F3E5CD /* Facebook.png */ = {isa = PBXFileReference; lastKnownFileType = image.png; path = Facebook.png; sourceTree = "<group>"; };
		C32D43FB1983D10500F3E5CD /* FacebookLinked.png */ = {isa = PBXFileReference; lastKnownFileType = image.png; path = FacebookLinked.png; sourceTree = "<group>"; };
		C32D43FC1983D10500F3E5CD /* Instagram.png */ = {isa = PBXFileReference; lastKnownFileType = image.png; path = Instagram.png; sourceTree = "<group>"; };
		C32D43FD1983D10500F3E5CD /* InstagramLinked.png */ = {isa = PBXFileReference; lastKnownFileType = image.png; path = InstagramLinked.png; sourceTree = "<group>"; };
		C32D43FE1983D10500F3E5CD /* TwitterLinked.png */ = {isa = PBXFileReference; lastKnownFileType = image.png; path = TwitterLinked.png; sourceTree = "<group>"; };
		C3F465EE198358EB003DB1FA /* Background.png */ = {isa = PBXFileReference; lastKnownFileType = image.png; path = Background.png; sourceTree = "<group>"; };
		C3F465F0198358F2003DB1FA /* Back.png */ = {isa = PBXFileReference; lastKnownFileType = image.png; path = Back.png; sourceTree = "<group>"; };
		C3F465F1198358F2003DB1FA /* Login.png */ = {isa = PBXFileReference; lastKnownFileType = image.png; path = Login.png; sourceTree = "<group>"; };
		D01FC944198BA686002A9F9D /* linkingAccountsViewController.h */ = {isa = PBXFileReference; fileEncoding = 4; lastKnownFileType = sourcecode.c.h; name = linkingAccountsViewController.h; path = one/linkingAccountsViewController.h; sourceTree = SOURCE_ROOT; };
		D01FC945198BA686002A9F9D /* linkingAccountsViewController.m */ = {isa = PBXFileReference; fileEncoding = 4; lastKnownFileType = sourcecode.c.objc; name = linkingAccountsViewController.m; path = one/linkingAccountsViewController.m; sourceTree = SOURCE_ROOT; };
		D07F0FAD1984F19B00262167 /* StoreKit.framework */ = {isa = PBXFileReference; lastKnownFileType = wrapper.framework; name = StoreKit.framework; path = System/Library/Frameworks/StoreKit.framework; sourceTree = SDKROOT; };
		D07F0FB01984F20F00262167 /* Accounts.framework */ = {isa = PBXFileReference; lastKnownFileType = wrapper.framework; name = Accounts.framework; path = System/Library/Frameworks/Accounts.framework; sourceTree = SDKROOT; };
		D07F0FB11984F20F00262167 /* AdSupport.framework */ = {isa = PBXFileReference; lastKnownFileType = wrapper.framework; name = AdSupport.framework; path = System/Library/Frameworks/AdSupport.framework; sourceTree = SDKROOT; };
		D07F0FB21984F20F00262167 /* CFNetwork.framework */ = {isa = PBXFileReference; lastKnownFileType = wrapper.framework; name = CFNetwork.framework; path = System/Library/Frameworks/CFNetwork.framework; sourceTree = SDKROOT; };
		D07F0FB31984F20F00262167 /* libsqlite3.dylib */ = {isa = PBXFileReference; lastKnownFileType = "compiled.mach-o.dylib"; name = libsqlite3.dylib; path = usr/lib/libsqlite3.dylib; sourceTree = SDKROOT; };
		D07F0FB41984F20F00262167 /* libz.1.1.3.dylib */ = {isa = PBXFileReference; lastKnownFileType = "compiled.mach-o.dylib"; name = libz.1.1.3.dylib; path = usr/lib/libz.1.1.3.dylib; sourceTree = SDKROOT; };
		D07F0FB51984F20F00262167 /* libz.dylib */ = {isa = PBXFileReference; lastKnownFileType = "compiled.mach-o.dylib"; name = libz.dylib; path = usr/lib/libz.dylib; sourceTree = SDKROOT; };
		D07F0FB61984F20F00262167 /* MobileCoreServices.framework */ = {isa = PBXFileReference; lastKnownFileType = wrapper.framework; name = MobileCoreServices.framework; path = System/Library/Frameworks/MobileCoreServices.framework; sourceTree = SDKROOT; };
		D07F0FB71984F20F00262167 /* QuartzCore.framework */ = {isa = PBXFileReference; lastKnownFileType = wrapper.framework; name = QuartzCore.framework; path = System/Library/Frameworks/QuartzCore.framework; sourceTree = SDKROOT; };
		D07F0FB81984F20F00262167 /* Security.framework */ = {isa = PBXFileReference; lastKnownFileType = wrapper.framework; name = Security.framework; path = System/Library/Frameworks/Security.framework; sourceTree = SDKROOT; };
		D07F0FB91984F20F00262167 /* Social.framework */ = {isa = PBXFileReference; lastKnownFileType = wrapper.framework; name = Social.framework; path = System/Library/Frameworks/Social.framework; sourceTree = SDKROOT; };
		D07F0FBA1984F20F00262167 /* SystemConfiguration.framework */ = {isa = PBXFileReference; lastKnownFileType = wrapper.framework; name = SystemConfiguration.framework; path = System/Library/Frameworks/SystemConfiguration.framework; sourceTree = SDKROOT; };
		D07F0FC61984F38600262167 /* FacebookSDK.framework */ = {isa = PBXFileReference; lastKnownFileType = wrapper.framework; path = FacebookSDK.framework; sourceTree = "<group>"; };
		D07F0FC81984F39800262167 /* Parse.framework */ = {isa = PBXFileReference; lastKnownFileType = wrapper.framework; path = Parse.framework; sourceTree = "<group>"; };
		D07F0FCA19851A8A00262167 /* XCTest.framework */ = {isa = PBXFileReference; lastKnownFileType = wrapper.framework; name = XCTest.framework; path = Library/Frameworks/XCTest.framework; sourceTree = DEVELOPER_DIR; };
		D0E00E24198DE65F004BA222 /* BaseViewController.h */ = {isa = PBXFileReference; fileEncoding = 4; lastKnownFileType = sourcecode.c.h; name = BaseViewController.h; path = ../BaseViewController.h; sourceTree = "<group>"; };
		D0E00E25198DE65F004BA222 /* BaseViewController.m */ = {isa = PBXFileReference; fileEncoding = 4; lastKnownFileType = sourcecode.c.objc; name = BaseViewController.m; path = ../BaseViewController.m; sourceTree = "<group>"; };
		EE61A9A53E9745E8A0A76B02 /* Pods.xcconfig */ = {isa = PBXFileReference; includeInIndex = 1; lastKnownFileType = text.xcconfig; name = Pods.xcconfig; path = Pods/Pods.xcconfig; sourceTree = "<group>"; };
		F760A57B0BE84F1DAB6F119F /* libPods.a */ = {isa = PBXFileReference; explicitFileType = archive.ar; includeInIndex = 0; path = libPods.a; sourceTree = BUILT_PRODUCTS_DIR; };
/* End PBXFileReference section */

/* Begin PBXFrameworksBuildPhase section */
		13CD7B601977DD5200C3F7CC /* Frameworks */ = {
			isa = PBXFrameworksBuildPhase;
			buildActionMask = 2147483647;
			files = (
				D07F0FBB1984F20F00262167 /* Accounts.framework in Frameworks */,
				D07F0FBC1984F20F00262167 /* AdSupport.framework in Frameworks */,
				D07F0FBD1984F20F00262167 /* CFNetwork.framework in Frameworks */,
				D07F0FBE1984F20F00262167 /* libsqlite3.dylib in Frameworks */,
				D07F0FBF1984F20F00262167 /* libz.1.1.3.dylib in Frameworks */,
				D07F0FC71984F38600262167 /* FacebookSDK.framework in Frameworks */,
				D07F0FC01984F20F00262167 /* libz.dylib in Frameworks */,
				D07F0FC11984F20F00262167 /* MobileCoreServices.framework in Frameworks */,
				D07F0FC21984F20F00262167 /* QuartzCore.framework in Frameworks */,
				D07F0FC31984F20F00262167 /* Security.framework in Frameworks */,
				D07F0FC41984F20F00262167 /* Social.framework in Frameworks */,
				D07F0FC51984F20F00262167 /* SystemConfiguration.framework in Frameworks */,
				13CD7B691977DD5200C3F7CC /* CoreGraphics.framework in Frameworks */,
				D07F0FC91984F39800262167 /* Parse.framework in Frameworks */,
				13CD7B671977DD5200C3F7CC /* Foundation.framework in Frameworks */,
				13CD7B6B1977DD5200C3F7CC /* UIKit.framework in Frameworks */,
				D07F0FAE1984F19B00262167 /* StoreKit.framework in Frameworks */,
				50EA61D01984C9A900509317 /* AudioToolbox.framework in Frameworks */,
				7ACF87B63D814743B364E241 /* libPods.a in Frameworks */,
			);
			runOnlyForDeploymentPostprocessing = 0;
		};
		13CD7B811977DD5300C3F7CC /* Frameworks */ = {
			isa = PBXFrameworksBuildPhase;
			buildActionMask = 2147483647;
			files = (
				13CD7B881977DD5300C3F7CC /* UIKit.framework in Frameworks */,
				13CD7B871977DD5300C3F7CC /* Foundation.framework in Frameworks */,
			);
			runOnlyForDeploymentPostprocessing = 0;
		};
/* End PBXFrameworksBuildPhase section */

/* Begin PBXGroup section */
		13153F6D1978C37A000042DD /* AGMedallionView */ = {
			isa = PBXGroup;
			children = (
				13153F6A1978C376000042DD /* AGMedallionView.h */,
				13153F6B1978C376000042DD /* AGMedallionView.m */,
			);
			name = AGMedallionView;
			sourceTree = "<group>";
		};
		132AC48B1978CD58003107DF /* Messages */ = {
			isa = PBXGroup;
			children = (
				136393FB1978A25200302FB9 /* MessagesViewController.h */,
				136393FC1978A25200302FB9 /* MessagesViewController.m */,
				132AC48C1978CD80003107DF /* MessagesDetailViewController.h */,
				132AC48D1978CD80003107DF /* MessagesDetailViewController.m */,
			);
			name = Messages;
			sourceTree = "<group>";
		};
		132AC4951978EBA0003107DF /* MEExpandableHeaderView */ = {
			isa = PBXGroup;
			children = (
				132AC48F1978EB8C003107DF /* UIImage+ImageEffects.h */,
				132AC4901978EB8C003107DF /* UIImage+ImageEffects.m */,
				132AC4911978EB8C003107DF /* MEExpandableHeaderView.h */,
				132AC4921978EB8C003107DF /* MEExpandableHeaderView.m */,
			);
			name = MEExpandableHeaderView;
			sourceTree = "<group>";
		};
		136394161978A82400302FB9 /* Tab Bar Images */ = {
			isa = PBXGroup;
			children = (
				136393F6197897B700302FB9 /* Timeline.png */,
				136393F4197894DF00302FB9 /* Timeline@2x.png */,
				136394081978A65100302FB9 /* Activity.png */,
				136394061978A5D300302FB9 /* Activity@2x.png */,
				1363940A1978A6DE00302FB9 /* Messages.png */,
				1363940B1978A6DE00302FB9 /* Messages@2x.png */,
				1363940E1978A73D00302FB9 /* Profile.png */,
				1363940F1978A73D00302FB9 /* Profile@2x.png */,
				1363941B1978A95800302FB9 /* Search.png */,
				1363941C1978A95800302FB9 /* Search@2x.png */,
			);
			name = "Tab Bar Images";
			sourceTree = "<group>";
		};
		1363941F1978ACB600302FB9 /* ViewControllers */ = {
			isa = PBXGroup;
			children = (
				D0E00E24198DE65F004BA222 /* BaseViewController.h */,
				D0E00E25198DE65F004BA222 /* BaseViewController.m */,
				5062E03B1984DE25006848D6 /* Home */,
				C32D43E81983C08100F3E5CD /* Login */,
				C32D43E71983C07200F3E5CD /* Intro */,
				D01FC943198BA63F002A9F9D /* Linking Accounts */,
				C32D43E21983BF2D00F3E5CD /* Timeline */,
				C32D43E01983BF0D00F3E5CD /* Activity */,
				132AC48B1978CD58003107DF /* Messages */,
				C32D43E11983BF2100F3E5CD /* Profile */,
				C32D43E31983BF8B00F3E5CD /* Search */,
			);
			name = ViewControllers;
			sourceTree = "<group>";
		};
		139C86B1197A660F00751A12 /* SOMessaging */ = {
			isa = PBXGroup;
			children = (
				139C86E6197A684300751A12 /* Conversation.plist */,
				139C86E0197A662900751A12 /* ContentManager.h */,
				139C86E1197A662900751A12 /* ContentManager.m */,
				139C86E2197A662900751A12 /* Message.h */,
				139C86E3197A662900751A12 /* Message.m */,
				139C86B2197A660F00751A12 /* NSString+Calculation.h */,
				139C86B3197A660F00751A12 /* NSString+Calculation.m */,
				139C86B4197A660F00751A12 /* Resources */,
				139C86BF197A660F00751A12 /* SOImageBrowserView.h */,
				139C86C0197A660F00751A12 /* SOImageBrowserView.m */,
				139C86C1197A660F00751A12 /* SOMessage.h */,
				139C86C2197A660F00751A12 /* SOMessageCell.h */,
				139C86C3197A660F00751A12 /* SOMessageCell.m */,
				139C86C4197A660F00751A12 /* SOMessageInputView.h */,
				139C86C5197A660F00751A12 /* SOMessageInputView.m */,
				139C86C6197A660F00751A12 /* SOMessageType.h */,
				139C86C7197A660F00751A12 /* SOMessagingDataSource.h */,
				139C86C8197A660F00751A12 /* SOMessagingDelegate.h */,
				139C86C9197A660F00751A12 /* SOMessagingViewController.h */,
				139C86CA197A660F00751A12 /* SOMessagingViewController.m */,
				139C86CB197A660F00751A12 /* SOPlaceholderedTextView.h */,
				139C86CC197A660F00751A12 /* SOPlaceholderedTextView.m */,
				139C86CD197A660F00751A12 /* UINavigationController+Rotation.h */,
				139C86CE197A660F00751A12 /* UINavigationController+Rotation.m */,
			);
			path = SOMessaging;
			sourceTree = "<group>";
		};
		139C86B4197A660F00751A12 /* Resources */ = {
			isa = PBXGroup;
			children = (
				139C86B5197A660F00751A12 /* attachment.png */,
				139C86B6197A660F00751A12 /* attachment@2x.png */,
				139C86B7197A660F00751A12 /* bubble.png */,
				139C86B8197A660F00751A12 /* bubble@2x.png */,
				139C86B9197A660F00751A12 /* bubbleReceive.png */,
				139C86BA197A660F00751A12 /* bubbleReceive@2x.png */,
				139C86BB197A660F00751A12 /* inputTextBG.png */,
				139C86BC197A660F00751A12 /* inputTextBG@2x.png */,
				139C86BD197A660F00751A12 /* play_button.png */,
				139C86BE197A660F00751A12 /* play_button@2x.png */,
			);
			path = Resources;
			sourceTree = "<group>";
		};
		139C86F0197B10EE00751A12 /* ALScrollViewPaging */ = {
			isa = PBXGroup;
			children = (
				139C86ED197B10D900751A12 /* ALScrollViewPaging.h */,
				139C86EE197B10D900751A12 /* ALScrollViewPaging.m */,
			);
			name = ALScrollViewPaging;
			sourceTree = "<group>";
		};
		13CD7B5A1977DD5200C3F7CC = {
			isa = PBXGroup;
			children = (
				13CD7B6C1977DD5200C3F7CC /* One */,
				13CD7B8B1977DD5300C3F7CC /* OneTests */,
				13CD7B651977DD5200C3F7CC /* Frameworks */,
				13CD7B641977DD5200C3F7CC /* Products */,
				EE61A9A53E9745E8A0A76B02 /* Pods.xcconfig */,
			);
			sourceTree = "<group>";
		};
		13CD7B641977DD5200C3F7CC /* Products */ = {
			isa = PBXGroup;
			children = (
				13CD7B631977DD5200C3F7CC /* One.app */,
				13CD7B841977DD5300C3F7CC /* OneTests.xctest */,
			);
			name = Products;
			sourceTree = "<group>";
		};
		13CD7B651977DD5200C3F7CC /* Frameworks */ = {
			isa = PBXGroup;
			children = (
				D07F0FCA19851A8A00262167 /* XCTest.framework */,
				D07F0FB01984F20F00262167 /* Accounts.framework */,
				D07F0FB11984F20F00262167 /* AdSupport.framework */,
				D07F0FB21984F20F00262167 /* CFNetwork.framework */,
				D07F0FB31984F20F00262167 /* libsqlite3.dylib */,
				D07F0FB41984F20F00262167 /* libz.1.1.3.dylib */,
				D07F0FB51984F20F00262167 /* libz.dylib */,
				D07F0FC61984F38600262167 /* FacebookSDK.framework */,
				D07F0FB61984F20F00262167 /* MobileCoreServices.framework */,
				D07F0FC81984F39800262167 /* Parse.framework */,
				D07F0FB71984F20F00262167 /* QuartzCore.framework */,
				D07F0FB81984F20F00262167 /* Security.framework */,
				D07F0FB91984F20F00262167 /* Social.framework */,
				D07F0FBA1984F20F00262167 /* SystemConfiguration.framework */,
				D07F0FAD1984F19B00262167 /* StoreKit.framework */,
				50EA61CF1984C9A900509317 /* AudioToolbox.framework */,
				13CD7B661977DD5200C3F7CC /* Foundation.framework */,
				13CD7B681977DD5200C3F7CC /* CoreGraphics.framework */,
				13CD7B6A1977DD5200C3F7CC /* UIKit.framework */,
				F760A57B0BE84F1DAB6F119F /* libPods.a */,
			);
			name = Frameworks;
			sourceTree = "<group>";
		};
		13CD7B6C1977DD5200C3F7CC /* One */ = {
			isa = PBXGroup;
			children = (
				22D119DD1986FA7100FBB66D /* Podfile */,
				13CD7B751977DD5300C3F7CC /* AppDelegate.h */,
				13CD7B761977DD5300C3F7CC /* AppDelegate.m */,
				13CD7B781977DD5300C3F7CC /* Main.storyboard */,
				1363941F1978ACB600302FB9 /* ViewControllers */,
				13CD7B6D1977DD5200C3F7CC /* Supporting Files */,
			);
			path = One;
			sourceTree = "<group>";
		};
		13CD7B6D1977DD5200C3F7CC /* Supporting Files */ = {
			isa = PBXGroup;
			children = (
				50EA61CC1984C38E00509317 /* Sounds */,
				13CD7BB219782C4900C3F7CC /* Libraries */,
				13CD7B7E1977DD5300C3F7CC /* Images.xcassets */,
				136394161978A82400302FB9 /* Tab Bar Images */,
				C32D43E61983BFD200F3E5CD /* Sign Up */,
				C32D43E51983BFAC00F3E5CD /* Login */,
				C32D43F91983D0DF00F3E5CD /* Link Accounts */,
				C32D43CD1983B2BF00F3E5CD /* Delete */,
				C32D43F41983C66900F3E5CD /* Intro */,
				C32D43EC1983C11E00F3E5CD /* Search */,
				13153F701978C540000042DD /* Avatar.png */,
				139C86E8197A697400751A12 /* arturdev.jpg */,
				13CD7B6E1977DD5200C3F7CC /* One-Info.plist */,
				13CD7B6F1977DD5200C3F7CC /* InfoPlist.strings */,
				13CD7B721977DD5300C3F7CC /* main.m */,
				13CD7B741977DD5300C3F7CC /* One-Prefix.pch */,
			);
			name = "Supporting Files";
			sourceTree = "<group>";
		};
		13CD7B8B1977DD5300C3F7CC /* OneTests */ = {
			isa = PBXGroup;
			children = (
				13CD7B911977DD5300C3F7CC /* OneTests.m */,
				13CD7B8C1977DD5300C3F7CC /* Supporting Files */,
			);
			path = OneTests;
			sourceTree = "<group>";
		};
		13CD7B8C1977DD5300C3F7CC /* Supporting Files */ = {
			isa = PBXGroup;
			children = (
				13CD7B8D1977DD5300C3F7CC /* OneTests-Info.plist */,
				13CD7B8E1977DD5300C3F7CC /* InfoPlist.strings */,
			);
			name = "Supporting Files";
			sourceTree = "<group>";
		};
		13CD7BAA1977DDEB00C3F7CC /* OnePagingViewer */ = {
			isa = PBXGroup;
			children = (
				13CD7B9E1977DD7600C3F7CC /* OnePagingNavBar.h */,
				13CD7B9F1977DD7600C3F7CC /* OnePagingNavBar.m */,
				13CD7BA01977DD7600C3F7CC /* OneSocialPagingViewer.h */,
				13CD7BA11977DD7600C3F7CC /* OneSocialPagingViewer.m */,
				13CD7BA21977DD7600C3F7CC /* OneFoundationCommon.h */,
				13CD7BA31977DD7600C3F7CC /* OneFoundationCommon.m */,
				13CD7BA41977DD7600C3F7CC /* OneBaseTableViewController.h */,
				13CD7BA51977DD7600C3F7CC /* OneBaseTableViewController.m */,
			);
			name = OnePagingViewer;
			sourceTree = "<group>";
		};
		13CD7BB119782C4200C3F7CC /* DDPageControl */ = {
			isa = PBXGroup;
			children = (
				13CD7BAE1978263C00C3F7CC /* DDPageControl.h */,
				13CD7BAF1978263C00C3F7CC /* DDPageControl.m */,
			);
			name = DDPageControl;
			sourceTree = "<group>";
		};
		13CD7BB219782C4900C3F7CC /* Libraries */ = {
			isa = PBXGroup;
			children = (
				139C86F7197B436E00751A12 /* UIScrollView+APParallaxHeader.h */,
				139C86F8197B436F00751A12 /* UIScrollView+APParallaxHeader.m */,
				139C86F4197B38B700751A12 /* DZNSegmentedControl.h */,
				139C86F5197B38B700751A12 /* DZNSegmentedControl.m */,
				139C86F0197B10EE00751A12 /* ALScrollViewPaging */,
				139C86B1197A660F00751A12 /* SOMessaging */,
				13153F6D1978C37A000042DD /* AGMedallionView */,
				132AC4951978EBA0003107DF /* MEExpandableHeaderView */,
				13CD7BAA1977DDEB00C3F7CC /* OnePagingViewer */,
				13CD7BB119782C4200C3F7CC /* DDPageControl */,
				13CD7BB619782C7F00C3F7CC /* UI Extenstions */,
			);
			name = Libraries;
			sourceTree = "<group>";
		};
		13CD7BB619782C7F00C3F7CC /* UI Extenstions */ = {
			isa = PBXGroup;
			children = (
				13CD7BB719782C9C00C3F7CC /* UIExtensions.h */,
				139C86F1197B25F400751A12 /* CAGradientLayer+OneGradientLayer.h */,
				139C86F2197B25F400751A12 /* CAGradientLayer+OneGradientLayer.m */,
				139C86AC197A628300751A12 /* OneTitleLabel.h */,
				139C86AD197A628300751A12 /* OneTitleLabel.m */,
				13CD7BB319782C7900C3F7CC /* UIColor+OneColor.h */,
				13CD7BB419782C7900C3F7CC /* UIColor+OneColor.m */,
				136393EF19788F8F00302FB9 /* OneTabBarController.h */,
				136393F019788F8F00302FB9 /* OneTabBarController.m */,
				136393EC1978898700302FB9 /* OneTabBarItem.h */,
				136393ED1978898700302FB9 /* OneTabBarItem.m */,
				132AC4A11978F973003107DF /* OneTableViewCell.h */,
				132AC4A21978F973003107DF /* OneTableViewCell.m */,
				132AC49F1978F932003107DF /* OneTableViewCell.xib */,
			);
			name = "UI Extenstions";
			sourceTree = "<group>";
		};
		5062E03B1984DE25006848D6 /* Home */ = {
			isa = PBXGroup;
			children = (
				5062E0381984DE21006848D6 /* PFXHomeViewController.h */,
				5062E0391984DE21006848D6 /* PFXHomeViewController.m */,
			);
			name = Home;
			sourceTree = "<group>";
		};
		50EA61CC1984C38E00509317 /* Sounds */ = {
			isa = PBXGroup;
			children = (
				50EA61D31984CC5B00509317 /* success.mp3 */,
				50EA61CD1984C39300509317 /* Pop 1.mp3 */,
				50EA61D11984CAC200509317 /* whoosh04.wav */,
			);
			name = Sounds;
			sourceTree = "<group>";
		};
		C32D43CD1983B2BF00F3E5CD /* Delete */ = {
			isa = PBXGroup;
			children = (
				C32D43F21983C3F600F3E5CD /* image4.png */,
				C32D43D81983B6C500F3E5CD /* image2.png */,
				C32D43DA1983B7BA00F3E5CD /* image3.png */,
				C32D43CE1983B2C700F3E5CD /* image.png */,
			);
			name = Delete;
			sourceTree = "<group>";
		};
		C32D43E01983BF0D00F3E5CD /* Activity */ = {
			isa = PBXGroup;
			children = (
				136393F81978A24000302FB9 /* ActivityViewController.h */,
				136393F91978A24000302FB9 /* ActivityViewController.m */,
			);
			name = Activity;
			sourceTree = "<group>";
		};
		C32D43E11983BF2100F3E5CD /* Profile */ = {
			isa = PBXGroup;
			children = (
				132AC4991978EFE4003107DF /* ProfileViewController.h */,
				132AC49A1978EFE4003107DF /* ProfileViewController.m */,
			);
			name = Profile;
			sourceTree = "<group>";
		};
		C32D43E21983BF2D00F3E5CD /* Timeline */ = {
			isa = PBXGroup;
			children = (
				13CD7B9B1977DD6600C3F7CC /* TimelineViewController.h */,
				13CD7B9C1977DD6600C3F7CC /* TimelineViewController.m */,
				5062E0351984D9CE006848D6 /* PFXSocialButton.h */,
				5062E0361984D9CE006848D6 /* PFXSocialButton.m */,
			);
			name = Timeline;
			sourceTree = "<group>";
		};
		C32D43E31983BF8B00F3E5CD /* Search */ = {
			isa = PBXGroup;
			children = (
				C32D43E41983BF9400F3E5CD /* SearchResults */,
			);
			name = Search;
			sourceTree = "<group>";
		};
		C32D43E41983BF9400F3E5CD /* SearchResults */ = {
			isa = PBXGroup;
			children = (
				136394011978A26F00302FB9 /* SearchViewController.h */,
				136394021978A26F00302FB9 /* SearchViewController.m */,
			);
			name = SearchResults;
			sourceTree = "<group>";
		};
		C32D43E51983BFAC00F3E5CD /* Login */ = {
			isa = PBXGroup;
			children = (
				C3F465F0198358F2003DB1FA /* Back.png */,
				C32D43CB1983B26F00F3E5CD /* line.png */,
				C3F465F1198358F2003DB1FA /* Login.png */,
			);
			name = Login;
			sourceTree = "<group>";
		};
		C32D43E61983BFD200F3E5CD /* Sign Up */ = {
			isa = PBXGroup;
			children = (
				C3F465EE198358EB003DB1FA /* Background.png */,
				C32D43D21983B57E00F3E5CD /* Done.png */,
			);
			name = "Sign Up";
			sourceTree = "<group>";
		};
		C32D43E71983C07200F3E5CD /* Intro */ = {
			isa = PBXGroup;
			children = (
				84F2501919837A5400013F47 /* IntroPageViewController.h */,
				84F2501A19837A5400013F47 /* IntroPageViewController.m */,
				50D522ED19848C72005224B5 /* PFXBaseIntroViewController.h */,
				50D522EE19848C72005224B5 /* PFXBaseIntroViewController.m */,
				5062E0321984D68E006848D6 /* PFXScrollView.h */,
				5062E0331984D68E006848D6 /* PFXScrollView.m */,
			);
			name = Intro;
			sourceTree = "<group>";
		};
		C32D43E81983C08100F3E5CD /* Login */ = {
			isa = PBXGroup;
			children = (
				84F2500A198370BC00013F47 /* LoginViewController.h */,
				84F2500B198370BC00013F47 /* LoginViewController.m */,
				22A8B8C319871CF10070CD04 /* SignUpViewController.h */,
				22A8B8C419871CF10070CD04 /* SignUpViewController.m */,
			);
			name = Login;
			sourceTree = "<group>";
		};
		C32D43EC1983C11E00F3E5CD /* Search */ = {
			isa = PBXGroup;
			children = (
				C32D43F01983C1BB00F3E5CD /* Dark Grey.png */,
				C32D43EE1983C13800F3E5CD /* Grey.png */,
				C32D43ED1983C12800F3E5CD /* Search Results */,
			);
			name = Search;
			sourceTree = "<group>";
		};
		C32D43ED1983C12800F3E5CD /* Search Results */ = {
			isa = PBXGroup;
			children = (
				C32D43DE1983BD5200F3E5CD /* White.png */,
			);
			name = "Search Results";
			sourceTree = "<group>";
		};
		C32D43F41983C66900F3E5CD /* Intro */ = {
			isa = PBXGroup;
			children = (
				C32D43F71983C73600F3E5CD /* PhonePlaceholder.png */,
			);
			name = Intro;
			sourceTree = "<group>";
		};
		C32D43F91983D0DF00F3E5CD /* Link Accounts */ = {
			isa = PBXGroup;
			children = (
				C32D43FA1983D10500F3E5CD /* Facebook.png */,
				C32D43FB1983D10500F3E5CD /* FacebookLinked.png */,
				C32D43FC1983D10500F3E5CD /* Instagram.png */,
				C32D43FD1983D10500F3E5CD /* InstagramLinked.png */,
				C32D43FE1983D10500F3E5CD /* TwitterLinked.png */,
			);
			name = "Link Accounts";
			sourceTree = "<group>";
		};
		D01FC943198BA63F002A9F9D /* Linking Accounts */ = {
			isa = PBXGroup;
			children = (
				D01FC944198BA686002A9F9D /* linkingAccountsViewController.h */,
				D01FC945198BA686002A9F9D /* linkingAccountsViewController.m */,
			);
			name = "Linking Accounts";
			sourceTree = "<group>";
		};
/* End PBXGroup section */

/* Begin PBXNativeTarget section */
		13CD7B621977DD5200C3F7CC /* One */ = {
			isa = PBXNativeTarget;
			buildConfigurationList = 13CD7B951977DD5300C3F7CC /* Build configuration list for PBXNativeTarget "One" */;
			buildPhases = (
				2B7A2FAAD0674E9D8D21189F /* Check Pods Manifest.lock */,
				13CD7B5F1977DD5200C3F7CC /* Sources */,
				13CD7B601977DD5200C3F7CC /* Frameworks */,
				13CD7B611977DD5200C3F7CC /* Resources */,
				D24EF5E7D6F74F36AE8D0C0B /* Copy Pods Resources */,
			);
			buildRules = (
			);
			dependencies = (
			);
			name = One;
			productName = One;
			productReference = 13CD7B631977DD5200C3F7CC /* One.app */;
			productType = "com.apple.product-type.application";
		};
		13CD7B831977DD5300C3F7CC /* OneTests */ = {
			isa = PBXNativeTarget;
			buildConfigurationList = 13CD7B981977DD5300C3F7CC /* Build configuration list for PBXNativeTarget "OneTests" */;
			buildPhases = (
				13CD7B801977DD5300C3F7CC /* Sources */,
				13CD7B811977DD5300C3F7CC /* Frameworks */,
				13CD7B821977DD5300C3F7CC /* Resources */,
			);
			buildRules = (
			);
			dependencies = (
				13CD7B8A1977DD5300C3F7CC /* PBXTargetDependency */,
			);
			name = OneTests;
			productName = OneTests;
			productReference = 13CD7B841977DD5300C3F7CC /* OneTests.xctest */;
			productType = "com.apple.product-type.bundle.unit-test";
		};
/* End PBXNativeTarget section */

/* Begin PBXProject section */
		13CD7B5B1977DD5200C3F7CC /* Project object */ = {
			isa = PBXProject;
			attributes = {
				LastUpgradeCheck = 0510;
				TargetAttributes = {
					13CD7B621977DD5200C3F7CC = {
						DevelopmentTeam = 4ETUTSYY89;
					};
					13CD7B831977DD5300C3F7CC = {
						TestTargetID = 13CD7B621977DD5200C3F7CC;
					};
				};
			};
			buildConfigurationList = 13CD7B5E1977DD5200C3F7CC /* Build configuration list for PBXProject "one" */;
			compatibilityVersion = "Xcode 3.2";
			developmentRegion = English;
			hasScannedForEncodings = 0;
			knownRegions = (
				en,
				Base,
			);
			mainGroup = 13CD7B5A1977DD5200C3F7CC;
			productRefGroup = 13CD7B641977DD5200C3F7CC /* Products */;
			projectDirPath = "";
			projectRoot = "";
			targets = (
				13CD7B621977DD5200C3F7CC /* One */,
				13CD7B831977DD5300C3F7CC /* OneTests */,
			);
		};
/* End PBXProject section */

/* Begin PBXResourcesBuildPhase section */
		13CD7B611977DD5200C3F7CC /* Resources */ = {
			isa = PBXResourcesBuildPhase;
			buildActionMask = 2147483647;
			files = (
				C32D43D31983B57E00F3E5CD /* Done.png in Resources */,
				13CD7B7F1977DD5300C3F7CC /* Images.xcassets in Resources */,
				13CD7B711977DD5200C3F7CC /* InfoPlist.strings in Resources */,
				C32D44021983D10500F3E5CD /* InstagramLinked.png in Resources */,
				132AC4A01978F932003107DF /* OneTableViewCell.xib in Resources */,
				C32D43F81983C73600F3E5CD /* PhonePlaceholder.png in Resources */,
				C32D44031983D10500F3E5CD /* TwitterLinked.png in Resources */,
				13CD7B7A1977DD5300C3F7CC /* Main.storyboard in Resources */,
				136394111978A73D00302FB9 /* Profile@2x.png in Resources */,
				C32D43CC1983B26F00F3E5CD /* line.png in Resources */,
				139C86D7197A660F00751A12 /* inputTextBG@2x.png in Resources */,
				50EA61CE1984C39300509317 /* Pop 1.mp3 in Resources */,
				136394071978A5D300302FB9 /* Activity@2x.png in Resources */,
				C32D43EF1983C13800F3E5CD /* Grey.png in Resources */,
				C3F465F2198358F2003DB1FA /* Back.png in Resources */,
				139C86D3197A660F00751A12 /* bubble@2x.png in Resources */,
				C32D43DF1983BD5200F3E5CD /* White.png in Resources */,
				139C86D5197A660F00751A12 /* bubbleReceive@2x.png in Resources */,
				139C86D4197A660F00751A12 /* bubbleReceive.png in Resources */,
				22D119DE1986FA7100FBB66D /* Podfile in Resources */,
				C32D44001983D10500F3E5CD /* FacebookLinked.png in Resources */,
				136394091978A65100302FB9 /* Activity.png in Resources */,
				136393F5197894DF00302FB9 /* Timeline@2x.png in Resources */,
				C32D44011983D10500F3E5CD /* Instagram.png in Resources */,
				1363941D1978A95800302FB9 /* Search.png in Resources */,
				C32D43FF1983D10500F3E5CD /* Facebook.png in Resources */,
				1363941E1978A95800302FB9 /* Search@2x.png in Resources */,
				139C86D0197A660F00751A12 /* attachment.png in Resources */,
				139C86E9197A697400751A12 /* arturdev.jpg in Resources */,
				139C86D9197A660F00751A12 /* play_button@2x.png in Resources */,
				C3F465EF198358EB003DB1FA /* Background.png in Resources */,
				139C86D2197A660F00751A12 /* bubble.png in Resources */,
				136393F7197897B700302FB9 /* Timeline.png in Resources */,
				1363940D1978A6DE00302FB9 /* Messages@2x.png in Resources */,
				C32D43F11983C1BB00F3E5CD /* Dark Grey.png in Resources */,
				50EA61D41984CC5B00509317 /* success.mp3 in Resources */,
				1363940C1978A6DE00302FB9 /* Messages.png in Resources */,
				C3F465F3198358F2003DB1FA /* Login.png in Resources */,
				C32D43DB1983B7BA00F3E5CD /* image3.png in Resources */,
				C32D43F31983C3F600F3E5CD /* image4.png in Resources */,
				139C86D8197A660F00751A12 /* play_button.png in Resources */,
				139C86D6197A660F00751A12 /* inputTextBG.png in Resources */,
				C32D43D91983B6C500F3E5CD /* image2.png in Resources */,
				13153F711978C540000042DD /* Avatar.png in Resources */,
				50EA61D21984CAC200509317 /* whoosh04.wav in Resources */,
				136394101978A73D00302FB9 /* Profile.png in Resources */,
				139C86D1197A660F00751A12 /* attachment@2x.png in Resources */,
				139C86E7197A684300751A12 /* Conversation.plist in Resources */,
				C32D43CF1983B2C700F3E5CD /* image.png in Resources */,
			);
			runOnlyForDeploymentPostprocessing = 0;
		};
		13CD7B821977DD5300C3F7CC /* Resources */ = {
			isa = PBXResourcesBuildPhase;
			buildActionMask = 2147483647;
			files = (
				13CD7B901977DD5300C3F7CC /* InfoPlist.strings in Resources */,
			);
			runOnlyForDeploymentPostprocessing = 0;
		};
/* End PBXResourcesBuildPhase section */

/* Begin PBXShellScriptBuildPhase section */
		2B7A2FAAD0674E9D8D21189F /* Check Pods Manifest.lock */ = {
			isa = PBXShellScriptBuildPhase;
			buildActionMask = 2147483647;
			files = (
			);
			inputPaths = (
			);
			name = "Check Pods Manifest.lock";
			outputPaths = (
			);
			runOnlyForDeploymentPostprocessing = 0;
			shellPath = /bin/sh;
			shellScript = "diff \"${PODS_ROOT}/../Podfile.lock\" \"${PODS_ROOT}/Manifest.lock\" > /dev/null\nif [[ $? != 0 ]] ; then\n    cat << EOM\nerror: The sandbox is not in sync with the Podfile.lock. Run 'pod install' or update your CocoaPods installation.\nEOM\n    exit 1\nfi\n";
			showEnvVarsInLog = 0;
		};
		D24EF5E7D6F74F36AE8D0C0B /* Copy Pods Resources */ = {
			isa = PBXShellScriptBuildPhase;
			buildActionMask = 2147483647;
			files = (
			);
			inputPaths = (
			);
			name = "Copy Pods Resources";
			outputPaths = (
			);
			runOnlyForDeploymentPostprocessing = 0;
			shellPath = /bin/sh;
			shellScript = "\"${SRCROOT}/Pods/Pods-resources.sh\"\n";
			showEnvVarsInLog = 0;
		};
/* End PBXShellScriptBuildPhase section */

/* Begin PBXSourcesBuildPhase section */
		13CD7B5F1977DD5200C3F7CC /* Sources */ = {
			isa = PBXSourcesBuildPhase;
			buildActionMask = 2147483647;
			files = (
				5062E0341984D68E006848D6 /* PFXScrollView.m in Sources */,
				139C86F9197B436F00751A12 /* UIScrollView+APParallaxHeader.m in Sources */,
				13CD7BB01978263C00C3F7CC /* DDPageControl.m in Sources */,
				139C86EF197B10D900751A12 /* ALScrollViewPaging.m in Sources */,
				136393FD1978A25200302FB9 /* MessagesViewController.m in Sources */,
				84F2500C198370BC00013F47 /* LoginViewController.m in Sources */,
				132AC4941978EB8C003107DF /* MEExpandableHeaderView.m in Sources */,
				139C86F6197B38B700751A12 /* DZNSegmentedControl.m in Sources */,
				5062E03A1984DE21006848D6 /* PFXHomeViewController.m in Sources */,
				D01FC946198BA686002A9F9D /* linkingAccountsViewController.m in Sources */,
				139C86DC197A660F00751A12 /* SOMessageInputView.m in Sources */,
				84F2501B19837A5400013F47 /* IntroPageViewController.m in Sources */,
				132AC49B1978EFE4003107DF /* ProfileViewController.m in Sources */,
				136393EE1978898700302FB9 /* OneTabBarItem.m in Sources */,
				50D522EF19848C72005224B5 /* PFXBaseIntroViewController.m in Sources */,
				D0E00E26198DE65F004BA222 /* BaseViewController.m in Sources */,
				13CD7BA71977DD7600C3F7CC /* OneSocialPagingViewer.m in Sources */,
				5062E0371984D9CE006848D6 /* PFXSocialButton.m in Sources */,
				139C86E5197A662900751A12 /* Message.m in Sources */,
				13153F6C1978C376000042DD /* AGMedallionView.m in Sources */,
				13CD7B771977DD5300C3F7CC /* AppDelegate.m in Sources */,
				13CD7B731977DD5300C3F7CC /* main.m in Sources */,
				136394031978A26F00302FB9 /* SearchViewController.m in Sources */,
				139C86DD197A660F00751A12 /* SOMessagingViewController.m in Sources */,
				139C86E4197A662900751A12 /* ContentManager.m in Sources */,
				13CD7BA61977DD7600C3F7CC /* OnePagingNavBar.m in Sources */,
				132AC48E1978CD80003107DF /* MessagesDetailViewController.m in Sources */,
				13CD7BB519782C7900C3F7CC /* UIColor+OneColor.m in Sources */,
				22A8B8C519871CF10070CD04 /* SignUpViewController.m in Sources */,
				136393FA1978A24000302FB9 /* ActivityViewController.m in Sources */,
				13CD7BA81977DD7600C3F7CC /* OneFoundationCommon.m in Sources */,
				139C86F3197B25F400751A12 /* CAGradientLayer+OneGradientLayer.m in Sources */,
				132AC4931978EB8C003107DF /* UIImage+ImageEffects.m in Sources */,
				139C86AE197A628300751A12 /* OneTitleLabel.m in Sources */,
				139C86DB197A660F00751A12 /* SOMessageCell.m in Sources */,
				13CD7BA91977DD7600C3F7CC /* OneBaseTableViewController.m in Sources */,
				13CD7B9D1977DD6600C3F7CC /* TimelineViewController.m in Sources */,
				139C86DE197A660F00751A12 /* SOPlaceholderedTextView.m in Sources */,
				139C86DF197A660F00751A12 /* UINavigationController+Rotation.m in Sources */,
				139C86CF197A660F00751A12 /* NSString+Calculation.m in Sources */,
				132AC4A31978F973003107DF /* OneTableViewCell.m in Sources */,
				139C86DA197A660F00751A12 /* SOImageBrowserView.m in Sources */,
				136393F119788F8F00302FB9 /* OneTabBarController.m in Sources */,
			);
			runOnlyForDeploymentPostprocessing = 0;
		};
		13CD7B801977DD5300C3F7CC /* Sources */ = {
			isa = PBXSourcesBuildPhase;
			buildActionMask = 2147483647;
			files = (
				13CD7B921977DD5300C3F7CC /* OneTests.m in Sources */,
			);
			runOnlyForDeploymentPostprocessing = 0;
		};
/* End PBXSourcesBuildPhase section */

/* Begin PBXTargetDependency section */
		13CD7B8A1977DD5300C3F7CC /* PBXTargetDependency */ = {
			isa = PBXTargetDependency;
			target = 13CD7B621977DD5200C3F7CC /* One */;
			targetProxy = 13CD7B891977DD5300C3F7CC /* PBXContainerItemProxy */;
		};
/* End PBXTargetDependency section */

/* Begin PBXVariantGroup section */
		13CD7B6F1977DD5200C3F7CC /* InfoPlist.strings */ = {
			isa = PBXVariantGroup;
			children = (
				13CD7B701977DD5200C3F7CC /* en */,
			);
			name = InfoPlist.strings;
			sourceTree = "<group>";
		};
		13CD7B781977DD5300C3F7CC /* Main.storyboard */ = {
			isa = PBXVariantGroup;
			children = (
				13CD7B791977DD5300C3F7CC /* Base */,
			);
			name = Main.storyboard;
			sourceTree = "<group>";
		};
		13CD7B8E1977DD5300C3F7CC /* InfoPlist.strings */ = {
			isa = PBXVariantGroup;
			children = (
				13CD7B8F1977DD5300C3F7CC /* en */,
			);
			name = InfoPlist.strings;
			sourceTree = "<group>";
		};
/* End PBXVariantGroup section */

/* Begin XCBuildConfiguration section */
		13CD7B931977DD5300C3F7CC /* Debug */ = {
			isa = XCBuildConfiguration;
			buildSettings = {
				ALWAYS_SEARCH_USER_PATHS = NO;
				CLANG_CXX_LANGUAGE_STANDARD = "gnu++0x";
				CLANG_CXX_LIBRARY = "libc++";
				CLANG_ENABLE_MODULES = YES;
				CLANG_ENABLE_OBJC_ARC = YES;
				CLANG_WARN_BOOL_CONVERSION = YES;
				CLANG_WARN_CONSTANT_CONVERSION = YES;
				CLANG_WARN_DIRECT_OBJC_ISA_USAGE = YES_ERROR;
				CLANG_WARN_EMPTY_BODY = YES;
				CLANG_WARN_ENUM_CONVERSION = YES;
				CLANG_WARN_INT_CONVERSION = YES;
				CLANG_WARN_OBJC_ROOT_CLASS = YES_ERROR;
				CLANG_WARN__DUPLICATE_METHOD_MATCH = YES;
				CODE_SIGN_IDENTITY = "iPhone Developer";
				"CODE_SIGN_IDENTITY[sdk=iphoneos*]" = "iPhone Developer";
				COPY_PHASE_STRIP = NO;
				GCC_C_LANGUAGE_STANDARD = gnu99;
				GCC_DYNAMIC_NO_PIC = NO;
				GCC_OPTIMIZATION_LEVEL = 0;
				GCC_PREPROCESSOR_DEFINITIONS = (
					"DEBUG=1",
					"$(inherited)",
				);
				GCC_SYMBOLS_PRIVATE_EXTERN = NO;
				GCC_WARN_64_TO_32_BIT_CONVERSION = YES;
				GCC_WARN_ABOUT_RETURN_TYPE = YES_ERROR;
				GCC_WARN_UNDECLARED_SELECTOR = YES;
				GCC_WARN_UNINITIALIZED_AUTOS = YES_AGGRESSIVE;
				GCC_WARN_UNUSED_FUNCTION = YES;
				GCC_WARN_UNUSED_VARIABLE = YES;
				IPHONEOS_DEPLOYMENT_TARGET = 7.1;
				ONLY_ACTIVE_ARCH = YES;
				SDKROOT = iphoneos;
			};
			name = Debug;
		};
		13CD7B941977DD5300C3F7CC /* Release */ = {
			isa = XCBuildConfiguration;
			buildSettings = {
				ALWAYS_SEARCH_USER_PATHS = NO;
				CLANG_CXX_LANGUAGE_STANDARD = "gnu++0x";
				CLANG_CXX_LIBRARY = "libc++";
				CLANG_ENABLE_MODULES = YES;
				CLANG_ENABLE_OBJC_ARC = YES;
				CLANG_WARN_BOOL_CONVERSION = YES;
				CLANG_WARN_CONSTANT_CONVERSION = YES;
				CLANG_WARN_DIRECT_OBJC_ISA_USAGE = YES_ERROR;
				CLANG_WARN_EMPTY_BODY = YES;
				CLANG_WARN_ENUM_CONVERSION = YES;
				CLANG_WARN_INT_CONVERSION = YES;
				CLANG_WARN_OBJC_ROOT_CLASS = YES_ERROR;
				CLANG_WARN__DUPLICATE_METHOD_MATCH = YES;
				CODE_SIGN_IDENTITY = "iPhone Developer";
				"CODE_SIGN_IDENTITY[sdk=iphoneos*]" = "iPhone Developer";
				COPY_PHASE_STRIP = YES;
				ENABLE_NS_ASSERTIONS = NO;
				GCC_C_LANGUAGE_STANDARD = gnu99;
				GCC_WARN_64_TO_32_BIT_CONVERSION = YES;
				GCC_WARN_ABOUT_RETURN_TYPE = YES_ERROR;
				GCC_WARN_UNDECLARED_SELECTOR = YES;
				GCC_WARN_UNINITIALIZED_AUTOS = YES_AGGRESSIVE;
				GCC_WARN_UNUSED_FUNCTION = YES;
				GCC_WARN_UNUSED_VARIABLE = YES;
				IPHONEOS_DEPLOYMENT_TARGET = 7.1;
				SDKROOT = iphoneos;
				VALIDATE_PRODUCT = YES;
			};
			name = Release;
		};
		13CD7B961977DD5300C3F7CC /* Debug */ = {
			isa = XCBuildConfiguration;
			baseConfigurationReference = EE61A9A53E9745E8A0A76B02 /* Pods.xcconfig */;
			buildSettings = {
				ASSETCATALOG_COMPILER_APPICON_NAME = AppIcon;
				ASSETCATALOG_COMPILER_LAUNCHIMAGE_NAME = LaunchImage;
				CLANG_ENABLE_OBJC_ARC = YES;
				CODE_SIGN_IDENTITY = "iPhone Developer";
				"CODE_SIGN_IDENTITY[sdk=iphoneos*]" = "iPhone Developer";
				FRAMEWORK_SEARCH_PATHS = (
					"$(inherited)",
					"$(DEVELOPER_FRAMEWORKS_DIR)",
					"$(PROJECT_DIR)",
				);
				GCC_PRECOMPILE_PREFIX_HEADER = YES;
				GCC_PREFIX_HEADER = "One/One-Prefix.pch";
				INFOPLIST_FILE = "One/One-Info.plist";
				PRODUCT_NAME = "$(TARGET_NAME)";
				PROVISIONING_PROFILE = "";
				WRAPPER_EXTENSION = app;
			};
			name = Debug;
		};
		13CD7B971977DD5300C3F7CC /* Release */ = {
			isa = XCBuildConfiguration;
			baseConfigurationReference = EE61A9A53E9745E8A0A76B02 /* Pods.xcconfig */;
			buildSettings = {
				ASSETCATALOG_COMPILER_APPICON_NAME = AppIcon;
				ASSETCATALOG_COMPILER_LAUNCHIMAGE_NAME = LaunchImage;
				CLANG_ENABLE_OBJC_ARC = YES;
				CODE_SIGN_IDENTITY = "iPhone Developer";
				"CODE_SIGN_IDENTITY[sdk=iphoneos*]" = "iPhone Developer";
				FRAMEWORK_SEARCH_PATHS = (
					"$(inherited)",
					"$(DEVELOPER_FRAMEWORKS_DIR)",
					"$(PROJECT_DIR)",
				);
				GCC_PRECOMPILE_PREFIX_HEADER = YES;
				GCC_PREFIX_HEADER = "One/One-Prefix.pch";
				INFOPLIST_FILE = "One/One-Info.plist";
				PRODUCT_NAME = "$(TARGET_NAME)";
				PROVISIONING_PROFILE = "";
				WRAPPER_EXTENSION = app;
			};
			name = Release;
		};
		13CD7B991977DD5300C3F7CC /* Debug */ = {
			isa = XCBuildConfiguration;
			buildSettings = {
				BUNDLE_LOADER = "$(BUILT_PRODUCTS_DIR)/One.app/One";
				FRAMEWORK_SEARCH_PATHS = (
					"$(SDKROOT)/Developer/Library/Frameworks",
					"$(inherited)",
					"$(DEVELOPER_FRAMEWORKS_DIR)",
				);
				GCC_PRECOMPILE_PREFIX_HEADER = YES;
				GCC_PREFIX_HEADER = "One/One-Prefix.pch";
				GCC_PREPROCESSOR_DEFINITIONS = (
					"DEBUG=1",
					"$(inherited)",
				);
				INFOPLIST_FILE = "OneTests/OneTests-Info.plist";
				PRODUCT_NAME = "$(TARGET_NAME)";
				TEST_HOST = "$(BUNDLE_LOADER)";
				WRAPPER_EXTENSION = xctest;
			};
			name = Debug;
		};
		13CD7B9A1977DD5300C3F7CC /* Release */ = {
			isa = XCBuildConfiguration;
			buildSettings = {
				BUNDLE_LOADER = "$(BUILT_PRODUCTS_DIR)/One.app/One";
				FRAMEWORK_SEARCH_PATHS = (
					"$(SDKROOT)/Developer/Library/Frameworks",
					"$(inherited)",
					"$(DEVELOPER_FRAMEWORKS_DIR)",
				);
				GCC_PRECOMPILE_PREFIX_HEADER = YES;
				GCC_PREFIX_HEADER = "One/One-Prefix.pch";
				INFOPLIST_FILE = "OneTests/OneTests-Info.plist";
				PRODUCT_NAME = "$(TARGET_NAME)";
				TEST_HOST = "$(BUNDLE_LOADER)";
				WRAPPER_EXTENSION = xctest;
			};
			name = Release;
		};
/* End XCBuildConfiguration section */

/* Begin XCConfigurationList section */
		13CD7B5E1977DD5200C3F7CC /* Build configuration list for PBXProject "one" */ = {
			isa = XCConfigurationList;
			buildConfigurations = (
				13CD7B931977DD5300C3F7CC /* Debug */,
				13CD7B941977DD5300C3F7CC /* Release */,
			);
			defaultConfigurationIsVisible = 0;
			defaultConfigurationName = Release;
		};
		13CD7B951977DD5300C3F7CC /* Build configuration list for PBXNativeTarget "One" */ = {
			isa = XCConfigurationList;
			buildConfigurations = (
				13CD7B961977DD5300C3F7CC /* Debug */,
				13CD7B971977DD5300C3F7CC /* Release */,
			);
			defaultConfigurationIsVisible = 0;
			defaultConfigurationName = Release;
		};
		13CD7B981977DD5300C3F7CC /* Build configuration list for PBXNativeTarget "OneTests" */ = {
			isa = XCConfigurationList;
			buildConfigurations = (
				13CD7B991977DD5300C3F7CC /* Debug */,
				13CD7B9A1977DD5300C3F7CC /* Release */,
			);
			defaultConfigurationIsVisible = 0;
			defaultConfigurationName = Release;
		};
/* End XCConfigurationList section */
	};
	rootObject = 13CD7B5B1977DD5200C3F7CC /* Project object */;
}
